// !$*UTF8*$!
{
	archiveVersion = 1;
	classes = {
	};
	objectVersion = 56;
	objects = {

/* Begin PBXBuildFile section */
		163365732AEE1EE60097B4BE /* OpenView.swift in Sources */ = {isa = PBXBuildFile; fileRef = 163365722AEE1EE60097B4BE /* OpenView.swift */; };
		163365752AEE1F0E0097B4BE /* RegisterView.swift in Sources */ = {isa = PBXBuildFile; fileRef = 163365742AEE1F0E0097B4BE /* RegisterView.swift */; };
		16F44C2C2AED8AA6005F5FF7 /* NIService.swift in Sources */ = {isa = PBXBuildFile; fileRef = 16F44C2B2AED8AA6005F5FF7 /* NIService.swift */; };
		16F44C2F2AED8C62005F5FF7 /* MPCSession.swift in Sources */ = {isa = PBXBuildFile; fileRef = 16F44C2E2AED8C62005F5FF7 /* MPCSession.swift */; };
		16F44C312AED8EBF005F5FF7 /* MathUtilities.swift in Sources */ = {isa = PBXBuildFile; fileRef = 16F44C302AED8EBF005F5FF7 /* MathUtilities.swift */; };
		3871049F2AEDF6CF00EF9457 /* FireBaseService.swift in Sources */ = {isa = PBXBuildFile; fileRef = 3871049C2AEDF6CF00EF9457 /* FireBaseService.swift */; };
		387104A02AEDF6CF00EF9457 /* FriendRequest.swift in Sources */ = {isa = PBXBuildFile; fileRef = 3871049D2AEDF6CF00EF9457 /* FriendRequest.swift */; };
		387104A12AEDF6CF00EF9457 /* User.swift in Sources */ = {isa = PBXBuildFile; fileRef = 3871049E2AEDF6CF00EF9457 /* User.swift */; };
		387104D42AEDFC9A00EF9457 /* FirebaseAnalytics in Frameworks */ = {isa = PBXBuildFile; productRef = 387104D32AEDFC9A00EF9457 /* FirebaseAnalytics */; };
		387104D62AEDFC9A00EF9457 /* FirebaseAnalyticsOnDeviceConversion in Frameworks */ = {isa = PBXBuildFile; productRef = 387104D52AEDFC9A00EF9457 /* FirebaseAnalyticsOnDeviceConversion */; };
		387104D82AEDFC9A00EF9457 /* FirebaseAnalyticsSwift in Frameworks */ = {isa = PBXBuildFile; productRef = 387104D72AEDFC9A00EF9457 /* FirebaseAnalyticsSwift */; };
		387104DA2AEDFC9A00EF9457 /* FirebaseAnalyticsWithoutAdIdSupport in Frameworks */ = {isa = PBXBuildFile; productRef = 387104D92AEDFC9A00EF9457 /* FirebaseAnalyticsWithoutAdIdSupport */; };
		387104DC2AEDFC9A00EF9457 /* FirebaseAppCheck in Frameworks */ = {isa = PBXBuildFile; productRef = 387104DB2AEDFC9A00EF9457 /* FirebaseAppCheck */; };
		387104DF2AEDFD3700EF9457 /* FirebaseStorage in Frameworks */ = {isa = PBXBuildFile; productRef = 387104DE2AEDFD3700EF9457 /* FirebaseStorage */; };
		387104E12AEDFD3F00EF9457 /* FirebaseFirestoreSwift in Frameworks */ = {isa = PBXBuildFile; productRef = 387104E02AEDFD3F00EF9457 /* FirebaseFirestoreSwift */; };
		387104E32AEDFD7500EF9457 /* FirebaseAuth in Frameworks */ = {isa = PBXBuildFile; productRef = 387104E22AEDFD7500EF9457 /* FirebaseAuth */; };
		387104E52AEE003D00EF9457 /* GoogleService-Info.plist in Resources */ = {isa = PBXBuildFile; fileRef = 387104E42AEE003D00EF9457 /* GoogleService-Info.plist */; };
		387104E72AEE31DD00EF9457 /* FriendRequestCellView.swift in Sources */ = {isa = PBXBuildFile; fileRef = 387104E62AEE31DD00EF9457 /* FriendRequestCellView.swift */; };
		387104EA2AEE340800EF9457 /* FriendRequestsCellViewModel.swift in Sources */ = {isa = PBXBuildFile; fileRef = 387104E92AEE340800EF9457 /* FriendRequestsCellViewModel.swift */; };
		387104EC2AEE386000EF9457 /* FriendRequestsViewModel.swift in Sources */ = {isa = PBXBuildFile; fileRef = 387104EB2AEE386000EF9457 /* FriendRequestsViewModel.swift */; };
		387104EE2AEE387C00EF9457 /* FriendRequestsView.swift in Sources */ = {isa = PBXBuildFile; fileRef = 387104ED2AEE387C00EF9457 /* FriendRequestsView.swift */; };
		387104F02AEE557200EF9457 /* LoadingView.swift in Sources */ = {isa = PBXBuildFile; fileRef = 387104EF2AEE557200EF9457 /* LoadingView.swift */; };
		387104F22AEE5A1100EF9457 /* .gitignore in Resources */ = {isa = PBXBuildFile; fileRef = 387104F12AEE5A1100EF9457 /* .gitignore */; };
		38F6521B2AED773300349F5A /* LinkApp.swift in Sources */ = {isa = PBXBuildFile; fileRef = 38F6521A2AED773300349F5A /* LinkApp.swift */; };
		38F6521D2AED773300349F5A /* ContentView.swift in Sources */ = {isa = PBXBuildFile; fileRef = 38F6521C2AED773300349F5A /* ContentView.swift */; };
		38F6521F2AED773500349F5A /* Assets.xcassets in Resources */ = {isa = PBXBuildFile; fileRef = 38F6521E2AED773500349F5A /* Assets.xcassets */; };
		38F652222AED773500349F5A /* Preview Assets.xcassets in Resources */ = {isa = PBXBuildFile; fileRef = 38F652212AED773500349F5A /* Preview Assets.xcassets */; };
		54B08B662AEE10BC0078992C /* FriendsViewModel.swift in Sources */ = {isa = PBXBuildFile; fileRef = 54B08B652AEE10BC0078992C /* FriendsViewModel.swift */; };
		54E5107C2AEDE18400DA3D7E /* LinkView.swift in Sources */ = {isa = PBXBuildFile; fileRef = 54E5107B2AEDE18400DA3D7E /* LinkView.swift */; };
		54E5107E2AEDE55500DA3D7E /* FriendsView.swift in Sources */ = {isa = PBXBuildFile; fileRef = 54E5107D2AEDE55500DA3D7E /* FriendsView.swift */; };
		D15CC3E72AEDBDBD000B7E9F /* TabBarView.swift in Sources */ = {isa = PBXBuildFile; fileRef = D15CC3E62AEDBDBD000B7E9F /* TabBarView.swift */; };
/* End PBXBuildFile section */

/* Begin PBXFileReference section */
		163365722AEE1EE60097B4BE /* OpenView.swift */ = {isa = PBXFileReference; lastKnownFileType = sourcecode.swift; path = OpenView.swift; sourceTree = "<group>"; };
		163365742AEE1F0E0097B4BE /* RegisterView.swift */ = {isa = PBXFileReference; lastKnownFileType = sourcecode.swift; path = RegisterView.swift; sourceTree = "<group>"; };
		16F44C2B2AED8AA6005F5FF7 /* NIService.swift */ = {isa = PBXFileReference; lastKnownFileType = sourcecode.swift; path = NIService.swift; sourceTree = "<group>"; };
		16F44C2E2AED8C62005F5FF7 /* MPCSession.swift */ = {isa = PBXFileReference; lastKnownFileType = sourcecode.swift; path = MPCSession.swift; sourceTree = "<group>"; };
		16F44C302AED8EBF005F5FF7 /* MathUtilities.swift */ = {isa = PBXFileReference; lastKnownFileType = sourcecode.swift; path = MathUtilities.swift; sourceTree = "<group>"; };
		3871049C2AEDF6CF00EF9457 /* FireBaseService.swift */ = {isa = PBXFileReference; fileEncoding = 4; lastKnownFileType = sourcecode.swift; path = FireBaseService.swift; sourceTree = "<group>"; };
		3871049D2AEDF6CF00EF9457 /* FriendRequest.swift */ = {isa = PBXFileReference; fileEncoding = 4; lastKnownFileType = sourcecode.swift; path = FriendRequest.swift; sourceTree = "<group>"; };
		3871049E2AEDF6CF00EF9457 /* User.swift */ = {isa = PBXFileReference; fileEncoding = 4; lastKnownFileType = sourcecode.swift; path = User.swift; sourceTree = "<group>"; };
		387104E42AEE003D00EF9457 /* GoogleService-Info.plist */ = {isa = PBXFileReference; fileEncoding = 4; lastKnownFileType = text.plist.xml; path = "GoogleService-Info.plist"; sourceTree = "<group>"; };
		387104E62AEE31DD00EF9457 /* FriendRequestCellView.swift */ = {isa = PBXFileReference; lastKnownFileType = sourcecode.swift; path = FriendRequestCellView.swift; sourceTree = "<group>"; };
		387104E92AEE340800EF9457 /* FriendRequestsCellViewModel.swift */ = {isa = PBXFileReference; lastKnownFileType = sourcecode.swift; path = FriendRequestsCellViewModel.swift; sourceTree = "<group>"; };
		387104EB2AEE386000EF9457 /* FriendRequestsViewModel.swift */ = {isa = PBXFileReference; lastKnownFileType = sourcecode.swift; path = FriendRequestsViewModel.swift; sourceTree = "<group>"; };
		387104ED2AEE387C00EF9457 /* FriendRequestsView.swift */ = {isa = PBXFileReference; lastKnownFileType = sourcecode.swift; path = FriendRequestsView.swift; sourceTree = "<group>"; };
		387104EF2AEE557200EF9457 /* LoadingView.swift */ = {isa = PBXFileReference; lastKnownFileType = sourcecode.swift; path = LoadingView.swift; sourceTree = "<group>"; };
		387104F12AEE5A1100EF9457 /* .gitignore */ = {isa = PBXFileReference; lastKnownFileType = text; path = .gitignore; sourceTree = "<group>"; };
		38F652172AED773300349F5A /* Link.app */ = {isa = PBXFileReference; explicitFileType = wrapper.application; includeInIndex = 0; path = Link.app; sourceTree = BUILT_PRODUCTS_DIR; };
		38F6521A2AED773300349F5A /* LinkApp.swift */ = {isa = PBXFileReference; lastKnownFileType = sourcecode.swift; path = LinkApp.swift; sourceTree = "<group>"; };
		38F6521C2AED773300349F5A /* ContentView.swift */ = {isa = PBXFileReference; lastKnownFileType = sourcecode.swift; path = ContentView.swift; sourceTree = "<group>"; };
		38F6521E2AED773500349F5A /* Assets.xcassets */ = {isa = PBXFileReference; lastKnownFileType = folder.assetcatalog; path = Assets.xcassets; sourceTree = "<group>"; };
		38F652212AED773500349F5A /* Preview Assets.xcassets */ = {isa = PBXFileReference; lastKnownFileType = folder.assetcatalog; path = "Preview Assets.xcassets"; sourceTree = "<group>"; };
		54B08B652AEE10BC0078992C /* FriendsViewModel.swift */ = {isa = PBXFileReference; lastKnownFileType = sourcecode.swift; path = FriendsViewModel.swift; sourceTree = "<group>"; };
		54E5107B2AEDE18400DA3D7E /* LinkView.swift */ = {isa = PBXFileReference; lastKnownFileType = sourcecode.swift; path = LinkView.swift; sourceTree = "<group>"; };
		54E5107D2AEDE55500DA3D7E /* FriendsView.swift */ = {isa = PBXFileReference; lastKnownFileType = sourcecode.swift; path = FriendsView.swift; sourceTree = "<group>"; };
		D15CC3E62AEDBDBD000B7E9F /* TabBarView.swift */ = {isa = PBXFileReference; lastKnownFileType = sourcecode.swift; path = TabBarView.swift; sourceTree = "<group>"; };
/* End PBXFileReference section */

/* Begin PBXFrameworksBuildPhase section */
		38F652142AED773300349F5A /* Frameworks */ = {
			isa = PBXFrameworksBuildPhase;
			buildActionMask = 2147483647;
			files = (
				387104D82AEDFC9A00EF9457 /* FirebaseAnalyticsSwift in Frameworks */,
				387104D42AEDFC9A00EF9457 /* FirebaseAnalytics in Frameworks */,
				387104D62AEDFC9A00EF9457 /* FirebaseAnalyticsOnDeviceConversion in Frameworks */,
				387104E12AEDFD3F00EF9457 /* FirebaseFirestoreSwift in Frameworks */,
				387104DC2AEDFC9A00EF9457 /* FirebaseAppCheck in Frameworks */,
				387104DA2AEDFC9A00EF9457 /* FirebaseAnalyticsWithoutAdIdSupport in Frameworks */,
				387104DF2AEDFD3700EF9457 /* FirebaseStorage in Frameworks */,
				387104E32AEDFD7500EF9457 /* FirebaseAuth in Frameworks */,
			);
			runOnlyForDeploymentPostprocessing = 0;
		};
/* End PBXFrameworksBuildPhase section */

/* Begin PBXGroup section */
		16F44C2D2AED8C40005F5FF7 /* MultipeerConnectivitySupport */ = {
			isa = PBXGroup;
			children = (
				16F44C2E2AED8C62005F5FF7 /* MPCSession.swift */,
			);
			path = MultipeerConnectivitySupport;
			sourceTree = "<group>";
		};
		387104C32AEDF86D00EF9457 /* Services */ = {
			isa = PBXGroup;
			children = (
				3871049C2AEDF6CF00EF9457 /* FireBaseService.swift */,
				16F44C2B2AED8AA6005F5FF7 /* NIService.swift */,
				16F44C302AED8EBF005F5FF7 /* MathUtilities.swift */,
			);
			path = Services;
			sourceTree = "<group>";
		};
		387104C52AEDF88000EF9457 /* Models */ = {
			isa = PBXGroup;
			children = (
				3871049D2AEDF6CF00EF9457 /* FriendRequest.swift */,
				3871049E2AEDF6CF00EF9457 /* User.swift */,
			);
			path = Models;
			sourceTree = "<group>";
		};
		387104C62AEDF8A200EF9457 /* Views */ = {
			isa = PBXGroup;
			children = (
				D15CC3E62AEDBDBD000B7E9F /* TabBarView.swift */,
				38F6521C2AED773300349F5A /* ContentView.swift */,
				54E5107B2AEDE18400DA3D7E /* LinkView.swift */,
				54E5107D2AEDE55500DA3D7E /* FriendsView.swift */,
				387104E62AEE31DD00EF9457 /* FriendRequestCellView.swift */,
				163365722AEE1EE60097B4BE /* OpenView.swift */,
				163365742AEE1F0E0097B4BE /* RegisterView.swift */,
				387104ED2AEE387C00EF9457 /* FriendRequestsView.swift */,
				387104EF2AEE557200EF9457 /* LoadingView.swift */,
			);
			path = Views;
			sourceTree = "<group>";
		};
		387104DD2AEDFD3700EF9457 /* Frameworks */ = {
			isa = PBXGroup;
			children = (
			);
			name = Frameworks;
			sourceTree = "<group>";
		};
		387104E82AEE33EA00EF9457 /* View Models */ = {
			isa = PBXGroup;
			children = (
				387104E92AEE340800EF9457 /* FriendRequestsCellViewModel.swift */,
				387104EB2AEE386000EF9457 /* FriendRequestsViewModel.swift */,
			);
			path = "View Models";
			sourceTree = "<group>";
		};
		38F6520E2AED773300349F5A = {
			isa = PBXGroup;
			children = (
				38F652192AED773300349F5A /* Link */,
				38F652182AED773300349F5A /* Products */,
				387104DD2AEDFD3700EF9457 /* Frameworks */,
			);
			sourceTree = "<group>";
		};
		38F652182AED773300349F5A /* Products */ = {
			isa = PBXGroup;
			children = (
				38F652172AED773300349F5A /* Link.app */,
			);
			name = Products;
			sourceTree = "<group>";
		};
		38F652192AED773300349F5A /* Link */ = {
			isa = PBXGroup;
			children = (
				54B08B642AEE10AD0078992C /* ViewModels */,
				387104E42AEE003D00EF9457 /* GoogleService-Info.plist */,
				38F6521A2AED773300349F5A /* LinkApp.swift */,
				387104F12AEE5A1100EF9457 /* .gitignore */,
				387104E82AEE33EA00EF9457 /* View Models */,
				387104C62AEDF8A200EF9457 /* Views */,
				387104C52AEDF88000EF9457 /* Models */,
				387104C32AEDF86D00EF9457 /* Services */,
				16F44C2D2AED8C40005F5FF7 /* MultipeerConnectivitySupport */,
				38F6521E2AED773500349F5A /* Assets.xcassets */,
				38F652202AED773500349F5A /* Preview Content */,
			);
			path = Link;
			sourceTree = "<group>";
		};
		38F652202AED773500349F5A /* Preview Content */ = {
			isa = PBXGroup;
			children = (
				38F652212AED773500349F5A /* Preview Assets.xcassets */,
			);
			path = "Preview Content";
			sourceTree = "<group>";
		};
		54B08B642AEE10AD0078992C /* ViewModels */ = {
			isa = PBXGroup;
			children = (
				54B08B652AEE10BC0078992C /* FriendsViewModel.swift */,
			);
			path = ViewModels;
			sourceTree = "<group>";
		};
/* End PBXGroup section */

/* Begin PBXNativeTarget section */
		38F652162AED773300349F5A /* Link */ = {
			isa = PBXNativeTarget;
			buildConfigurationList = 38F652252AED773500349F5A /* Build configuration list for PBXNativeTarget "Link" */;
			buildPhases = (
				38F652132AED773300349F5A /* Sources */,
				38F652142AED773300349F5A /* Frameworks */,
				38F652152AED773300349F5A /* Resources */,
			);
			buildRules = (
			);
			dependencies = (
			);
			name = Link;
			packageProductDependencies = (
				387104D32AEDFC9A00EF9457 /* FirebaseAnalytics */,
				387104D52AEDFC9A00EF9457 /* FirebaseAnalyticsOnDeviceConversion */,
				387104D72AEDFC9A00EF9457 /* FirebaseAnalyticsSwift */,
				387104D92AEDFC9A00EF9457 /* FirebaseAnalyticsWithoutAdIdSupport */,
				387104DB2AEDFC9A00EF9457 /* FirebaseAppCheck */,
				387104DE2AEDFD3700EF9457 /* FirebaseStorage */,
				387104E02AEDFD3F00EF9457 /* FirebaseFirestoreSwift */,
				387104E22AEDFD7500EF9457 /* FirebaseAuth */,
			);
			productName = Link;
			productReference = 38F652172AED773300349F5A /* Link.app */;
			productType = "com.apple.product-type.application";
		};
/* End PBXNativeTarget section */

/* Begin PBXProject section */
		38F6520F2AED773300349F5A /* Project object */ = {
			isa = PBXProject;
			attributes = {
				BuildIndependentTargetsInParallel = 1;
				LastSwiftUpdateCheck = 1500;
				LastUpgradeCheck = 1500;
				TargetAttributes = {
					38F652162AED773300349F5A = {
						CreatedOnToolsVersion = 15.0;
					};
				};
			};
			buildConfigurationList = 38F652122AED773300349F5A /* Build configuration list for PBXProject "Link" */;
			compatibilityVersion = "Xcode 14.0";
			developmentRegion = en;
			hasScannedForEncodings = 0;
			knownRegions = (
				en,
				Base,
			);
			mainGroup = 38F6520E2AED773300349F5A;
			packageReferences = (
				387104D22AEDFC9A00EF9457 /* XCRemoteSwiftPackageReference "firebase-ios-sdk" */,
			);
			productRefGroup = 38F652182AED773300349F5A /* Products */;
			projectDirPath = "";
			projectRoot = "";
			targets = (
				38F652162AED773300349F5A /* Link */,
			);
		};
/* End PBXProject section */

/* Begin PBXResourcesBuildPhase section */
		38F652152AED773300349F5A /* Resources */ = {
			isa = PBXResourcesBuildPhase;
			buildActionMask = 2147483647;
			files = (
				387104F22AEE5A1100EF9457 /* .gitignore in Resources */,
				38F652222AED773500349F5A /* Preview Assets.xcassets in Resources */,
				38F6521F2AED773500349F5A /* Assets.xcassets in Resources */,
				387104E52AEE003D00EF9457 /* GoogleService-Info.plist in Resources */,
			);
			runOnlyForDeploymentPostprocessing = 0;
		};
/* End PBXResourcesBuildPhase section */

/* Begin PBXSourcesBuildPhase section */
		38F652132AED773300349F5A /* Sources */ = {
			isa = PBXSourcesBuildPhase;
			buildActionMask = 2147483647;
			files = (
				16F44C2C2AED8AA6005F5FF7 /* NIService.swift in Sources */,
				387104A02AEDF6CF00EF9457 /* FriendRequest.swift in Sources */,
				163365752AEE1F0E0097B4BE /* RegisterView.swift in Sources */,
				163365732AEE1EE60097B4BE /* OpenView.swift in Sources */,
				54E5107C2AEDE18400DA3D7E /* LinkView.swift in Sources */,
				54E5107E2AEDE55500DA3D7E /* FriendsView.swift in Sources */,
				38F6521D2AED773300349F5A /* ContentView.swift in Sources */,
				38F6521B2AED773300349F5A /* LinkApp.swift in Sources */,
				387104EC2AEE386000EF9457 /* FriendRequestsViewModel.swift in Sources */,
				16F44C2F2AED8C62005F5FF7 /* MPCSession.swift in Sources */,
				387104EA2AEE340800EF9457 /* FriendRequestsCellViewModel.swift in Sources */,
				387104E72AEE31DD00EF9457 /* FriendRequestCellView.swift in Sources */,
				387104A12AEDF6CF00EF9457 /* User.swift in Sources */,
				D15CC3E72AEDBDBD000B7E9F /* TabBarView.swift in Sources */,
				387104EE2AEE387C00EF9457 /* FriendRequestsView.swift in Sources */,
				3871049F2AEDF6CF00EF9457 /* FireBaseService.swift in Sources */,
				54B08B662AEE10BC0078992C /* FriendsViewModel.swift in Sources */,
				387104F02AEE557200EF9457 /* LoadingView.swift in Sources */,
				16F44C312AED8EBF005F5FF7 /* MathUtilities.swift in Sources */,
			);
			runOnlyForDeploymentPostprocessing = 0;
		};
/* End PBXSourcesBuildPhase section */

/* Begin XCBuildConfiguration section */
		38F652232AED773500349F5A /* Debug */ = {
			isa = XCBuildConfiguration;
			buildSettings = {
				ALWAYS_SEARCH_USER_PATHS = NO;
				ASSETCATALOG_COMPILER_GENERATE_SWIFT_ASSET_SYMBOL_EXTENSIONS = YES;
				CLANG_ANALYZER_NONNULL = YES;
				CLANG_ANALYZER_NUMBER_OBJECT_CONVERSION = YES_AGGRESSIVE;
				CLANG_CXX_LANGUAGE_STANDARD = "gnu++20";
				CLANG_ENABLE_MODULES = YES;
				CLANG_ENABLE_OBJC_ARC = YES;
				CLANG_ENABLE_OBJC_WEAK = YES;
				CLANG_WARN_BLOCK_CAPTURE_AUTORELEASING = YES;
				CLANG_WARN_BOOL_CONVERSION = YES;
				CLANG_WARN_COMMA = YES;
				CLANG_WARN_CONSTANT_CONVERSION = YES;
				CLANG_WARN_DEPRECATED_OBJC_IMPLEMENTATIONS = YES;
				CLANG_WARN_DIRECT_OBJC_ISA_USAGE = YES_ERROR;
				CLANG_WARN_DOCUMENTATION_COMMENTS = YES;
				CLANG_WARN_EMPTY_BODY = YES;
				CLANG_WARN_ENUM_CONVERSION = YES;
				CLANG_WARN_INFINITE_RECURSION = YES;
				CLANG_WARN_INT_CONVERSION = YES;
				CLANG_WARN_NON_LITERAL_NULL_CONVERSION = YES;
				CLANG_WARN_OBJC_IMPLICIT_RETAIN_SELF = YES;
				CLANG_WARN_OBJC_LITERAL_CONVERSION = YES;
				CLANG_WARN_OBJC_ROOT_CLASS = YES_ERROR;
				CLANG_WARN_QUOTED_INCLUDE_IN_FRAMEWORK_HEADER = YES;
				CLANG_WARN_RANGE_LOOP_ANALYSIS = YES;
				CLANG_WARN_STRICT_PROTOTYPES = YES;
				CLANG_WARN_SUSPICIOUS_MOVE = YES;
				CLANG_WARN_UNGUARDED_AVAILABILITY = YES_AGGRESSIVE;
				CLANG_WARN_UNREACHABLE_CODE = YES;
				CLANG_WARN__DUPLICATE_METHOD_MATCH = YES;
				COPY_PHASE_STRIP = NO;
				DEBUG_INFORMATION_FORMAT = dwarf;
				ENABLE_STRICT_OBJC_MSGSEND = YES;
				ENABLE_TESTABILITY = YES;
				ENABLE_USER_SCRIPT_SANDBOXING = YES;
				GCC_C_LANGUAGE_STANDARD = gnu17;
				GCC_DYNAMIC_NO_PIC = NO;
				GCC_NO_COMMON_BLOCKS = YES;
				GCC_OPTIMIZATION_LEVEL = 0;
				GCC_PREPROCESSOR_DEFINITIONS = (
					"DEBUG=1",
					"$(inherited)",
				);
				GCC_WARN_64_TO_32_BIT_CONVERSION = YES;
				GCC_WARN_ABOUT_RETURN_TYPE = YES_ERROR;
				GCC_WARN_UNDECLARED_SELECTOR = YES;
				GCC_WARN_UNINITIALIZED_AUTOS = YES_AGGRESSIVE;
				GCC_WARN_UNUSED_FUNCTION = YES;
				GCC_WARN_UNUSED_VARIABLE = YES;
				IPHONEOS_DEPLOYMENT_TARGET = 17.0;
				LOCALIZATION_PREFERS_STRING_CATALOGS = YES;
				MTL_ENABLE_DEBUG_INFO = INCLUDE_SOURCE;
				MTL_FAST_MATH = YES;
				ONLY_ACTIVE_ARCH = YES;
				SDKROOT = iphoneos;
				SWIFT_ACTIVE_COMPILATION_CONDITIONS = "DEBUG $(inherited)";
				SWIFT_OPTIMIZATION_LEVEL = "-Onone";
			};
			name = Debug;
		};
		38F652242AED773500349F5A /* Release */ = {
			isa = XCBuildConfiguration;
			buildSettings = {
				ALWAYS_SEARCH_USER_PATHS = NO;
				ASSETCATALOG_COMPILER_GENERATE_SWIFT_ASSET_SYMBOL_EXTENSIONS = YES;
				CLANG_ANALYZER_NONNULL = YES;
				CLANG_ANALYZER_NUMBER_OBJECT_CONVERSION = YES_AGGRESSIVE;
				CLANG_CXX_LANGUAGE_STANDARD = "gnu++20";
				CLANG_ENABLE_MODULES = YES;
				CLANG_ENABLE_OBJC_ARC = YES;
				CLANG_ENABLE_OBJC_WEAK = YES;
				CLANG_WARN_BLOCK_CAPTURE_AUTORELEASING = YES;
				CLANG_WARN_BOOL_CONVERSION = YES;
				CLANG_WARN_COMMA = YES;
				CLANG_WARN_CONSTANT_CONVERSION = YES;
				CLANG_WARN_DEPRECATED_OBJC_IMPLEMENTATIONS = YES;
				CLANG_WARN_DIRECT_OBJC_ISA_USAGE = YES_ERROR;
				CLANG_WARN_DOCUMENTATION_COMMENTS = YES;
				CLANG_WARN_EMPTY_BODY = YES;
				CLANG_WARN_ENUM_CONVERSION = YES;
				CLANG_WARN_INFINITE_RECURSION = YES;
				CLANG_WARN_INT_CONVERSION = YES;
				CLANG_WARN_NON_LITERAL_NULL_CONVERSION = YES;
				CLANG_WARN_OBJC_IMPLICIT_RETAIN_SELF = YES;
				CLANG_WARN_OBJC_LITERAL_CONVERSION = YES;
				CLANG_WARN_OBJC_ROOT_CLASS = YES_ERROR;
				CLANG_WARN_QUOTED_INCLUDE_IN_FRAMEWORK_HEADER = YES;
				CLANG_WARN_RANGE_LOOP_ANALYSIS = YES;
				CLANG_WARN_STRICT_PROTOTYPES = YES;
				CLANG_WARN_SUSPICIOUS_MOVE = YES;
				CLANG_WARN_UNGUARDED_AVAILABILITY = YES_AGGRESSIVE;
				CLANG_WARN_UNREACHABLE_CODE = YES;
				CLANG_WARN__DUPLICATE_METHOD_MATCH = YES;
				COPY_PHASE_STRIP = NO;
				DEBUG_INFORMATION_FORMAT = "dwarf-with-dsym";
				ENABLE_NS_ASSERTIONS = NO;
				ENABLE_STRICT_OBJC_MSGSEND = YES;
				ENABLE_USER_SCRIPT_SANDBOXING = YES;
				GCC_C_LANGUAGE_STANDARD = gnu17;
				GCC_NO_COMMON_BLOCKS = YES;
				GCC_WARN_64_TO_32_BIT_CONVERSION = YES;
				GCC_WARN_ABOUT_RETURN_TYPE = YES_ERROR;
				GCC_WARN_UNDECLARED_SELECTOR = YES;
				GCC_WARN_UNINITIALIZED_AUTOS = YES_AGGRESSIVE;
				GCC_WARN_UNUSED_FUNCTION = YES;
				GCC_WARN_UNUSED_VARIABLE = YES;
				IPHONEOS_DEPLOYMENT_TARGET = 17.0;
				LOCALIZATION_PREFERS_STRING_CATALOGS = YES;
				MTL_ENABLE_DEBUG_INFO = NO;
				MTL_FAST_MATH = YES;
				SDKROOT = iphoneos;
				SWIFT_COMPILATION_MODE = wholemodule;
				VALIDATE_PRODUCT = YES;
			};
			name = Release;
		};
		38F652262AED773500349F5A /* Debug */ = {
			isa = XCBuildConfiguration;
			buildSettings = {
				ASSETCATALOG_COMPILER_APPICON_NAME = AppIcon;
				ASSETCATALOG_COMPILER_GLOBAL_ACCENT_COLOR_NAME = AccentColor;
				CODE_SIGN_STYLE = Automatic;
				CURRENT_PROJECT_VERSION = 1;
				DEVELOPMENT_ASSET_PATHS = "\"Link/Preview Content\"";
				DEVELOPMENT_TEAM = CS7P9L74D4;
				ENABLE_PREVIEWS = YES;
				GENERATE_INFOPLIST_FILE = YES;
				INFOPLIST_FILE = Link/Info.plist;
				INFOPLIST_KEY_NSNearbyInteractionAllowOnceUsageDescription = "This app demonstrates the NearbyInteraction framework. Supply a value for this string to explain how the user benefits when they allow the app to use NearbyInteraction.";
				INFOPLIST_KEY_NSNearbyInteractionUsageDescription = "This app demonstrates the NearbyInteraction framework. Supply a value for this string to explain how the user benefits when they allow the app to use NearbyInteraction.";
				INFOPLIST_KEY_UIApplicationSceneManifest_Generation = YES;
				INFOPLIST_KEY_UIApplicationSupportsIndirectInputEvents = YES;
				INFOPLIST_KEY_UILaunchScreen_Generation = YES;
				INFOPLIST_KEY_UISupportedInterfaceOrientations_iPad = "UIInterfaceOrientationPortrait UIInterfaceOrientationPortraitUpsideDown UIInterfaceOrientationLandscapeLeft UIInterfaceOrientationLandscapeRight";
				INFOPLIST_KEY_UISupportedInterfaceOrientations_iPhone = "UIInterfaceOrientationPortrait UIInterfaceOrientationLandscapeLeft UIInterfaceOrientationLandscapeRight";
				LD_RUNPATH_SEARCH_PATHS = (
					"$(inherited)",
					"@executable_path/Frameworks",
				);
				MARKETING_VERSION = 1.0;
				PRODUCT_BUNDLE_IDENTIFIER = DavidWilliams.Link;
				PRODUCT_NAME = "$(TARGET_NAME)";
				SWIFT_EMIT_LOC_STRINGS = YES;
				SWIFT_VERSION = 5.0;
				TARGETED_DEVICE_FAMILY = "1,2";
			};
			name = Debug;
		};
		38F652272AED773500349F5A /* Release */ = {
			isa = XCBuildConfiguration;
			buildSettings = {
				ASSETCATALOG_COMPILER_APPICON_NAME = AppIcon;
				ASSETCATALOG_COMPILER_GLOBAL_ACCENT_COLOR_NAME = AccentColor;
				CODE_SIGN_STYLE = Automatic;
				CURRENT_PROJECT_VERSION = 1;
				DEVELOPMENT_ASSET_PATHS = "\"Link/Preview Content\"";
				DEVELOPMENT_TEAM = CS7P9L74D4;
				ENABLE_PREVIEWS = YES;
				GENERATE_INFOPLIST_FILE = YES;
				INFOPLIST_FILE = Link/Info.plist;
				INFOPLIST_KEY_NSNearbyInteractionAllowOnceUsageDescription = "This app demonstrates the NearbyInteraction framework. Supply a value for this string to explain how the user benefits when they allow the app to use NearbyInteraction.";
				INFOPLIST_KEY_NSNearbyInteractionUsageDescription = "This app demonstrates the NearbyInteraction framework. Supply a value for this string to explain how the user benefits when they allow the app to use NearbyInteraction.";
				INFOPLIST_KEY_UIApplicationSceneManifest_Generation = YES;
				INFOPLIST_KEY_UIApplicationSupportsIndirectInputEvents = YES;
				INFOPLIST_KEY_UILaunchScreen_Generation = YES;
				INFOPLIST_KEY_UISupportedInterfaceOrientations_iPad = "UIInterfaceOrientationPortrait UIInterfaceOrientationPortraitUpsideDown UIInterfaceOrientationLandscapeLeft UIInterfaceOrientationLandscapeRight";
				INFOPLIST_KEY_UISupportedInterfaceOrientations_iPhone = "UIInterfaceOrientationPortrait UIInterfaceOrientationLandscapeLeft UIInterfaceOrientationLandscapeRight";
				LD_RUNPATH_SEARCH_PATHS = (
					"$(inherited)",
					"@executable_path/Frameworks",
				);
				MARKETING_VERSION = 1.0;
				PRODUCT_BUNDLE_IDENTIFIER = DavidWilliams.Link;
				PRODUCT_NAME = "$(TARGET_NAME)";
				SWIFT_EMIT_LOC_STRINGS = YES;
				SWIFT_VERSION = 5.0;
				TARGETED_DEVICE_FAMILY = "1,2";
			};
			name = Release;
		};
/* End XCBuildConfiguration section */

/* Begin XCConfigurationList section */
		38F652122AED773300349F5A /* Build configuration list for PBXProject "Link" */ = {
			isa = XCConfigurationList;
			buildConfigurations = (
				38F652232AED773500349F5A /* Debug */,
				38F652242AED773500349F5A /* Release */,
			);
			defaultConfigurationIsVisible = 0;
			defaultConfigurationName = Release;
		};
		38F652252AED773500349F5A /* Build configuration list for PBXNativeTarget "Link" */ = {
			isa = XCConfigurationList;
			buildConfigurations = (
				38F652262AED773500349F5A /* Debug */,
				38F652272AED773500349F5A /* Release */,
			);
			defaultConfigurationIsVisible = 0;
			defaultConfigurationName = Release;
		};
/* End XCConfigurationList section */

/* Begin XCRemoteSwiftPackageReference section */
		387104D22AEDFC9A00EF9457 /* XCRemoteSwiftPackageReference "firebase-ios-sdk" */ = {
			isa = XCRemoteSwiftPackageReference;
			repositoryURL = "https://github.com/firebase/firebase-ios-sdk.git";
			requirement = {
				kind = upToNextMajorVersion;
				minimumVersion = 10.16.0;
			};
		};
/* End XCRemoteSwiftPackageReference section */

/* Begin XCSwiftPackageProductDependency section */
		387104D32AEDFC9A00EF9457 /* FirebaseAnalytics */ = {
			isa = XCSwiftPackageProductDependency;
			package = 387104D22AEDFC9A00EF9457 /* XCRemoteSwiftPackageReference "firebase-ios-sdk" */;
			productName = FirebaseAnalytics;
		};
		387104D52AEDFC9A00EF9457 /* FirebaseAnalyticsOnDeviceConversion */ = {
			isa = XCSwiftPackageProductDependency;
			package = 387104D22AEDFC9A00EF9457 /* XCRemoteSwiftPackageReference "firebase-ios-sdk" */;
			productName = FirebaseAnalyticsOnDeviceConversion;
		};
		387104D72AEDFC9A00EF9457 /* FirebaseAnalyticsSwift */ = {
			isa = XCSwiftPackageProductDependency;
			package = 387104D22AEDFC9A00EF9457 /* XCRemoteSwiftPackageReference "firebase-ios-sdk" */;
			productName = FirebaseAnalyticsSwift;
		};
		387104D92AEDFC9A00EF9457 /* FirebaseAnalyticsWithoutAdIdSupport */ = {
			isa = XCSwiftPackageProductDependency;
			package = 387104D22AEDFC9A00EF9457 /* XCRemoteSwiftPackageReference "firebase-ios-sdk" */;
			productName = FirebaseAnalyticsWithoutAdIdSupport;
		};
		387104DB2AEDFC9A00EF9457 /* FirebaseAppCheck */ = {
			isa = XCSwiftPackageProductDependency;
			package = 387104D22AEDFC9A00EF9457 /* XCRemoteSwiftPackageReference "firebase-ios-sdk" */;
			productName = FirebaseAppCheck;
		};
		387104DE2AEDFD3700EF9457 /* FirebaseStorage */ = {
			isa = XCSwiftPackageProductDependency;
			package = 387104D22AEDFC9A00EF9457 /* XCRemoteSwiftPackageReference "firebase-ios-sdk" */;
			productName = FirebaseStorage;
		};
		387104E02AEDFD3F00EF9457 /* FirebaseFirestoreSwift */ = {
			isa = XCSwiftPackageProductDependency;
			package = 387104D22AEDFC9A00EF9457 /* XCRemoteSwiftPackageReference "firebase-ios-sdk" */;
			productName = FirebaseFirestoreSwift;
		};
		387104E22AEDFD7500EF9457 /* FirebaseAuth */ = {
			isa = XCSwiftPackageProductDependency;
			package = 387104D22AEDFC9A00EF9457 /* XCRemoteSwiftPackageReference "firebase-ios-sdk" */;
			productName = FirebaseAuth;
		};
/* End XCSwiftPackageProductDependency section */
	};
	rootObject = 38F6520F2AED773300349F5A /* Project object */;
}
