// !$*UTF8*$!
{
	archiveVersion = 1;
	classes = {
	};
	objectVersion = 56;
	objects = {

/* Begin PBXBuildFile section */
		38F6521B2AED773300349F5A /* LinkApp.swift in Sources */ = {isa = PBXBuildFile; fileRef = 38F6521A2AED773300349F5A /* LinkApp.swift */; };
		38F6521D2AED773300349F5A /* ContentView.swift in Sources */ = {isa = PBXBuildFile; fileRef = 38F6521C2AED773300349F5A /* ContentView.swift */; };
		38F6521F2AED773500349F5A /* Assets.xcassets in Resources */ = {isa = PBXBuildFile; fileRef = 38F6521E2AED773500349F5A /* Assets.xcassets */; };
		38F652222AED773500349F5A /* Preview Assets.xcassets in Resources */ = {isa = PBXBuildFile; fileRef = 38F652212AED773500349F5A /* Preview Assets.xcassets */; };
		54E5103D2AED8DE000DA3D7E /* GoogleService-Info.plist in Resources */ = {isa = PBXBuildFile; fileRef = 54E5103C2AED8DDF00DA3D7E /* GoogleService-Info.plist */; };
		54E510402AED8E9200DA3D7E /* FirebaseAnalytics in Frameworks */ = {isa = PBXBuildFile; productRef = 54E5103F2AED8E9200DA3D7E /* FirebaseAnalytics */; };
		54E510422AED8E9200DA3D7E /* FirebaseAnalyticsOnDeviceConversion in Frameworks */ = {isa = PBXBuildFile; productRef = 54E510412AED8E9200DA3D7E /* FirebaseAnalyticsOnDeviceConversion */; };
		54E510442AED8E9200DA3D7E /* FirebaseAnalyticsSwift in Frameworks */ = {isa = PBXBuildFile; productRef = 54E510432AED8E9200DA3D7E /* FirebaseAnalyticsSwift */; };
		54E510462AED8E9200DA3D7E /* FirebaseAnalyticsWithoutAdIdSupport in Frameworks */ = {isa = PBXBuildFile; productRef = 54E510452AED8E9200DA3D7E /* FirebaseAnalyticsWithoutAdIdSupport */; };
		54E510482AED8E9200DA3D7E /* FirebaseAppCheck in Frameworks */ = {isa = PBXBuildFile; productRef = 54E510472AED8E9200DA3D7E /* FirebaseAppCheck */; };
		54E5104A2AED8E9200DA3D7E /* FirebaseAppDistribution-Beta in Frameworks */ = {isa = PBXBuildFile; productRef = 54E510492AED8E9200DA3D7E /* FirebaseAppDistribution-Beta */; };
		54E5104C2AED8E9200DA3D7E /* FirebaseAuth in Frameworks */ = {isa = PBXBuildFile; productRef = 54E5104B2AED8E9200DA3D7E /* FirebaseAuth */; };
		54E5104E2AED8E9200DA3D7E /* FirebaseAuthCombine-Community in Frameworks */ = {isa = PBXBuildFile; productRef = 54E5104D2AED8E9200DA3D7E /* FirebaseAuthCombine-Community */; };
		54E510502AED8E9200DA3D7E /* FirebaseCrashlytics in Frameworks */ = {isa = PBXBuildFile; productRef = 54E5104F2AED8E9200DA3D7E /* FirebaseCrashlytics */; };
		54E510522AED8E9200DA3D7E /* FirebaseDatabase in Frameworks */ = {isa = PBXBuildFile; productRef = 54E510512AED8E9200DA3D7E /* FirebaseDatabase */; };
		54E510542AED8E9200DA3D7E /* FirebaseDatabaseSwift in Frameworks */ = {isa = PBXBuildFile; productRef = 54E510532AED8E9200DA3D7E /* FirebaseDatabaseSwift */; };
		54E510562AED8E9200DA3D7E /* FirebaseDynamicLinks in Frameworks */ = {isa = PBXBuildFile; productRef = 54E510552AED8E9200DA3D7E /* FirebaseDynamicLinks */; };
		54E510582AED8E9200DA3D7E /* FirebaseFirestore in Frameworks */ = {isa = PBXBuildFile; productRef = 54E510572AED8E9200DA3D7E /* FirebaseFirestore */; };
		54E5105A2AED8E9200DA3D7E /* FirebaseFirestoreCombine-Community in Frameworks */ = {isa = PBXBuildFile; productRef = 54E510592AED8E9200DA3D7E /* FirebaseFirestoreCombine-Community */; };
		54E5105C2AED8E9200DA3D7E /* FirebaseFirestoreSwift in Frameworks */ = {isa = PBXBuildFile; productRef = 54E5105B2AED8E9200DA3D7E /* FirebaseFirestoreSwift */; };
		54E5105E2AED8E9200DA3D7E /* FirebaseFunctions in Frameworks */ = {isa = PBXBuildFile; productRef = 54E5105D2AED8E9200DA3D7E /* FirebaseFunctions */; };
		54E510602AED8E9200DA3D7E /* FirebaseFunctionsCombine-Community in Frameworks */ = {isa = PBXBuildFile; productRef = 54E5105F2AED8E9200DA3D7E /* FirebaseFunctionsCombine-Community */; };
		54E510622AED8E9200DA3D7E /* FirebaseInAppMessaging-Beta in Frameworks */ = {isa = PBXBuildFile; productRef = 54E510612AED8E9200DA3D7E /* FirebaseInAppMessaging-Beta */; };
		54E510642AED8E9200DA3D7E /* FirebaseInAppMessagingSwift-Beta in Frameworks */ = {isa = PBXBuildFile; productRef = 54E510632AED8E9200DA3D7E /* FirebaseInAppMessagingSwift-Beta */; };
		54E510662AED8E9200DA3D7E /* FirebaseInstallations in Frameworks */ = {isa = PBXBuildFile; productRef = 54E510652AED8E9200DA3D7E /* FirebaseInstallations */; };
		54E510682AED8E9200DA3D7E /* FirebaseMLModelDownloader in Frameworks */ = {isa = PBXBuildFile; productRef = 54E510672AED8E9200DA3D7E /* FirebaseMLModelDownloader */; };
		54E5106A2AED8E9200DA3D7E /* FirebaseMessaging in Frameworks */ = {isa = PBXBuildFile; productRef = 54E510692AED8E9200DA3D7E /* FirebaseMessaging */; };
		54E5106C2AED8E9200DA3D7E /* FirebasePerformance in Frameworks */ = {isa = PBXBuildFile; productRef = 54E5106B2AED8E9200DA3D7E /* FirebasePerformance */; };
		54E5106E2AED8E9200DA3D7E /* FirebaseRemoteConfig in Frameworks */ = {isa = PBXBuildFile; productRef = 54E5106D2AED8E9200DA3D7E /* FirebaseRemoteConfig */; };
		54E510702AED8E9200DA3D7E /* FirebaseRemoteConfigSwift in Frameworks */ = {isa = PBXBuildFile; productRef = 54E5106F2AED8E9200DA3D7E /* FirebaseRemoteConfigSwift */; };
		54E510722AED8E9200DA3D7E /* FirebaseStorage in Frameworks */ = {isa = PBXBuildFile; productRef = 54E510712AED8E9200DA3D7E /* FirebaseStorage */; };
		54E510742AED8E9200DA3D7E /* FirebaseStorageCombine-Community in Frameworks */ = {isa = PBXBuildFile; productRef = 54E510732AED8E9200DA3D7E /* FirebaseStorageCombine-Community */; };
		54E510762AED8EF500DA3D7E /* FireBaseService.swift in Sources */ = {isa = PBXBuildFile; fileRef = 54E510752AED8EF500DA3D7E /* FireBaseService.swift */; };
/* End PBXBuildFile section */

/* Begin PBXFileReference section */
		38F652172AED773300349F5A /* Link.app */ = {isa = PBXFileReference; explicitFileType = wrapper.application; includeInIndex = 0; path = Link.app; sourceTree = BUILT_PRODUCTS_DIR; };
		38F6521A2AED773300349F5A /* LinkApp.swift */ = {isa = PBXFileReference; lastKnownFileType = sourcecode.swift; path = LinkApp.swift; sourceTree = "<group>"; };
		38F6521C2AED773300349F5A /* ContentView.swift */ = {isa = PBXFileReference; lastKnownFileType = sourcecode.swift; path = ContentView.swift; sourceTree = "<group>"; };
		38F6521E2AED773500349F5A /* Assets.xcassets */ = {isa = PBXFileReference; lastKnownFileType = folder.assetcatalog; path = Assets.xcassets; sourceTree = "<group>"; };
		38F652212AED773500349F5A /* Preview Assets.xcassets */ = {isa = PBXFileReference; lastKnownFileType = folder.assetcatalog; path = "Preview Assets.xcassets"; sourceTree = "<group>"; };
		54E5103C2AED8DDF00DA3D7E /* GoogleService-Info.plist */ = {isa = PBXFileReference; fileEncoding = 4; lastKnownFileType = text.plist.xml; path = "GoogleService-Info.plist"; sourceTree = "<group>"; };
		54E510752AED8EF500DA3D7E /* FireBaseService.swift */ = {isa = PBXFileReference; lastKnownFileType = sourcecode.swift; path = FireBaseService.swift; sourceTree = "<group>"; };
/* End PBXFileReference section */

/* Begin PBXFrameworksBuildPhase section */
		38F652142AED773300349F5A /* Frameworks */ = {
			isa = PBXFrameworksBuildPhase;
			buildActionMask = 2147483647;
			files = (
				54E510522AED8E9200DA3D7E /* FirebaseDatabase in Frameworks */,
				54E510602AED8E9200DA3D7E /* FirebaseFunctionsCombine-Community in Frameworks */,
				54E510582AED8E9200DA3D7E /* FirebaseFirestore in Frameworks */,
				54E510442AED8E9200DA3D7E /* FirebaseAnalyticsSwift in Frameworks */,
				54E510402AED8E9200DA3D7E /* FirebaseAnalytics in Frameworks */,
				54E510422AED8E9200DA3D7E /* FirebaseAnalyticsOnDeviceConversion in Frameworks */,
				54E510682AED8E9200DA3D7E /* FirebaseMLModelDownloader in Frameworks */,
				54E5105C2AED8E9200DA3D7E /* FirebaseFirestoreSwift in Frameworks */,
				54E510482AED8E9200DA3D7E /* FirebaseAppCheck in Frameworks */,
				54E510462AED8E9200DA3D7E /* FirebaseAnalyticsWithoutAdIdSupport in Frameworks */,
				54E5104C2AED8E9200DA3D7E /* FirebaseAuth in Frameworks */,
				54E510502AED8E9200DA3D7E /* FirebaseCrashlytics in Frameworks */,
				54E510702AED8E9200DA3D7E /* FirebaseRemoteConfigSwift in Frameworks */,
				54E510622AED8E9200DA3D7E /* FirebaseInAppMessaging-Beta in Frameworks */,
				54E510542AED8E9200DA3D7E /* FirebaseDatabaseSwift in Frameworks */,
				54E5105E2AED8E9200DA3D7E /* FirebaseFunctions in Frameworks */,
				54E510742AED8E9200DA3D7E /* FirebaseStorageCombine-Community in Frameworks */,
				54E5106E2AED8E9200DA3D7E /* FirebaseRemoteConfig in Frameworks */,
				54E5104A2AED8E9200DA3D7E /* FirebaseAppDistribution-Beta in Frameworks */,
				54E5104E2AED8E9200DA3D7E /* FirebaseAuthCombine-Community in Frameworks */,
				54E5106C2AED8E9200DA3D7E /* FirebasePerformance in Frameworks */,
				54E510642AED8E9200DA3D7E /* FirebaseInAppMessagingSwift-Beta in Frameworks */,
				54E510722AED8E9200DA3D7E /* FirebaseStorage in Frameworks */,
				54E510562AED8E9200DA3D7E /* FirebaseDynamicLinks in Frameworks */,
				54E5105A2AED8E9200DA3D7E /* FirebaseFirestoreCombine-Community in Frameworks */,
				54E5106A2AED8E9200DA3D7E /* FirebaseMessaging in Frameworks */,
				54E510662AED8E9200DA3D7E /* FirebaseInstallations in Frameworks */,
			);
			runOnlyForDeploymentPostprocessing = 0;
		};
/* End PBXFrameworksBuildPhase section */

/* Begin PBXGroup section */
		38F6520E2AED773300349F5A = {
			isa = PBXGroup;
			children = (
				38F652192AED773300349F5A /* Link */,
				38F652182AED773300349F5A /* Products */,
			);
			sourceTree = "<group>";
		};
		38F652182AED773300349F5A /* Products */ = {
			isa = PBXGroup;
			children = (
				38F652172AED773300349F5A /* Link.app */,
			);
			name = Products;
			sourceTree = "<group>";
		};
		38F652192AED773300349F5A /* Link */ = {
			isa = PBXGroup;
			children = (
				38F6521A2AED773300349F5A /* LinkApp.swift */,
				38F6521C2AED773300349F5A /* ContentView.swift */,
				54E5103C2AED8DDF00DA3D7E /* GoogleService-Info.plist */,
				38F6521E2AED773500349F5A /* Assets.xcassets */,
				38F652202AED773500349F5A /* Preview Content */,
				54E510752AED8EF500DA3D7E /* FireBaseService.swift */,
			);
			path = Link;
			sourceTree = "<group>";
		};
		38F652202AED773500349F5A /* Preview Content */ = {
			isa = PBXGroup;
			children = (
				38F652212AED773500349F5A /* Preview Assets.xcassets */,
			);
			path = "Preview Content";
			sourceTree = "<group>";
		};
/* End PBXGroup section */

/* Begin PBXNativeTarget section */
		38F652162AED773300349F5A /* Link */ = {
			isa = PBXNativeTarget;
			buildConfigurationList = 38F652252AED773500349F5A /* Build configuration list for PBXNativeTarget "Link" */;
			buildPhases = (
				38F652132AED773300349F5A /* Sources */,
				38F652142AED773300349F5A /* Frameworks */,
				38F652152AED773300349F5A /* Resources */,
			);
			buildRules = (
			);
			dependencies = (
			);
			name = Link;
			packageProductDependencies = (
				54E5103F2AED8E9200DA3D7E /* FirebaseAnalytics */,
				54E510412AED8E9200DA3D7E /* FirebaseAnalyticsOnDeviceConversion */,
				54E510432AED8E9200DA3D7E /* FirebaseAnalyticsSwift */,
				54E510452AED8E9200DA3D7E /* FirebaseAnalyticsWithoutAdIdSupport */,
				54E510472AED8E9200DA3D7E /* FirebaseAppCheck */,
				54E510492AED8E9200DA3D7E /* FirebaseAppDistribution-Beta */,
				54E5104B2AED8E9200DA3D7E /* FirebaseAuth */,
				54E5104D2AED8E9200DA3D7E /* FirebaseAuthCombine-Community */,
				54E5104F2AED8E9200DA3D7E /* FirebaseCrashlytics */,
				54E510512AED8E9200DA3D7E /* FirebaseDatabase */,
				54E510532AED8E9200DA3D7E /* FirebaseDatabaseSwift */,
				54E510552AED8E9200DA3D7E /* FirebaseDynamicLinks */,
				54E510572AED8E9200DA3D7E /* FirebaseFirestore */,
				54E510592AED8E9200DA3D7E /* FirebaseFirestoreCombine-Community */,
				54E5105B2AED8E9200DA3D7E /* FirebaseFirestoreSwift */,
				54E5105D2AED8E9200DA3D7E /* FirebaseFunctions */,
				54E5105F2AED8E9200DA3D7E /* FirebaseFunctionsCombine-Community */,
				54E510612AED8E9200DA3D7E /* FirebaseInAppMessaging-Beta */,
				54E510632AED8E9200DA3D7E /* FirebaseInAppMessagingSwift-Beta */,
				54E510652AED8E9200DA3D7E /* FirebaseInstallations */,
				54E510672AED8E9200DA3D7E /* FirebaseMLModelDownloader */,
				54E510692AED8E9200DA3D7E /* FirebaseMessaging */,
				54E5106B2AED8E9200DA3D7E /* FirebasePerformance */,
				54E5106D2AED8E9200DA3D7E /* FirebaseRemoteConfig */,
				54E5106F2AED8E9200DA3D7E /* FirebaseRemoteConfigSwift */,
				54E510712AED8E9200DA3D7E /* FirebaseStorage */,
				54E510732AED8E9200DA3D7E /* FirebaseStorageCombine-Community */,
			);
			productName = Link;
			productReference = 38F652172AED773300349F5A /* Link.app */;
			productType = "com.apple.product-type.application";
		};
/* End PBXNativeTarget section */

/* Begin PBXProject section */
		38F6520F2AED773300349F5A /* Project object */ = {
			isa = PBXProject;
			attributes = {
				BuildIndependentTargetsInParallel = 1;
				LastSwiftUpdateCheck = 1500;
				LastUpgradeCheck = 1500;
				TargetAttributes = {
					38F652162AED773300349F5A = {
						CreatedOnToolsVersion = 15.0;
					};
				};
			};
			buildConfigurationList = 38F652122AED773300349F5A /* Build configuration list for PBXProject "Link" */;
			compatibilityVersion = "Xcode 14.0";
			developmentRegion = en;
			hasScannedForEncodings = 0;
			knownRegions = (
				en,
				Base,
			);
			mainGroup = 38F6520E2AED773300349F5A;
			packageReferences = (
				54E5103E2AED8E9200DA3D7E /* XCRemoteSwiftPackageReference "firebase-ios-sdk" */,
			);
			productRefGroup = 38F652182AED773300349F5A /* Products */;
			projectDirPath = "";
			projectRoot = "";
			targets = (
				38F652162AED773300349F5A /* Link */,
			);
		};
/* End PBXProject section */

/* Begin PBXResourcesBuildPhase section */
		38F652152AED773300349F5A /* Resources */ = {
			isa = PBXResourcesBuildPhase;
			buildActionMask = 2147483647;
			files = (
				38F652222AED773500349F5A /* Preview Assets.xcassets in Resources */,
				38F6521F2AED773500349F5A /* Assets.xcassets in Resources */,
				54E5103D2AED8DE000DA3D7E /* GoogleService-Info.plist in Resources */,
			);
			runOnlyForDeploymentPostprocessing = 0;
		};
/* End PBXResourcesBuildPhase section */

/* Begin PBXSourcesBuildPhase section */
		38F652132AED773300349F5A /* Sources */ = {
			isa = PBXSourcesBuildPhase;
			buildActionMask = 2147483647;
			files = (
				54E510762AED8EF500DA3D7E /* FireBaseService.swift in Sources */,
				38F6521D2AED773300349F5A /* ContentView.swift in Sources */,
				38F6521B2AED773300349F5A /* LinkApp.swift in Sources */,
			);
			runOnlyForDeploymentPostprocessing = 0;
		};
/* End PBXSourcesBuildPhase section */

/* Begin XCBuildConfiguration section */
		38F652232AED773500349F5A /* Debug */ = {
			isa = XCBuildConfiguration;
			buildSettings = {
				ALWAYS_SEARCH_USER_PATHS = NO;
				ASSETCATALOG_COMPILER_GENERATE_SWIFT_ASSET_SYMBOL_EXTENSIONS = YES;
				CLANG_ANALYZER_NONNULL = YES;
				CLANG_ANALYZER_NUMBER_OBJECT_CONVERSION = YES_AGGRESSIVE;
				CLANG_CXX_LANGUAGE_STANDARD = "gnu++20";
				CLANG_ENABLE_MODULES = YES;
				CLANG_ENABLE_OBJC_ARC = YES;
				CLANG_ENABLE_OBJC_WEAK = YES;
				CLANG_WARN_BLOCK_CAPTURE_AUTORELEASING = YES;
				CLANG_WARN_BOOL_CONVERSION = YES;
				CLANG_WARN_COMMA = YES;
				CLANG_WARN_CONSTANT_CONVERSION = YES;
				CLANG_WARN_DEPRECATED_OBJC_IMPLEMENTATIONS = YES;
				CLANG_WARN_DIRECT_OBJC_ISA_USAGE = YES_ERROR;
				CLANG_WARN_DOCUMENTATION_COMMENTS = YES;
				CLANG_WARN_EMPTY_BODY = YES;
				CLANG_WARN_ENUM_CONVERSION = YES;
				CLANG_WARN_INFINITE_RECURSION = YES;
				CLANG_WARN_INT_CONVERSION = YES;
				CLANG_WARN_NON_LITERAL_NULL_CONVERSION = YES;
				CLANG_WARN_OBJC_IMPLICIT_RETAIN_SELF = YES;
				CLANG_WARN_OBJC_LITERAL_CONVERSION = YES;
				CLANG_WARN_OBJC_ROOT_CLASS = YES_ERROR;
				CLANG_WARN_QUOTED_INCLUDE_IN_FRAMEWORK_HEADER = YES;
				CLANG_WARN_RANGE_LOOP_ANALYSIS = YES;
				CLANG_WARN_STRICT_PROTOTYPES = YES;
				CLANG_WARN_SUSPICIOUS_MOVE = YES;
				CLANG_WARN_UNGUARDED_AVAILABILITY = YES_AGGRESSIVE;
				CLANG_WARN_UNREACHABLE_CODE = YES;
				CLANG_WARN__DUPLICATE_METHOD_MATCH = YES;
				COPY_PHASE_STRIP = NO;
				DEBUG_INFORMATION_FORMAT = dwarf;
				ENABLE_STRICT_OBJC_MSGSEND = YES;
				ENABLE_TESTABILITY = YES;
				ENABLE_USER_SCRIPT_SANDBOXING = YES;
				GCC_C_LANGUAGE_STANDARD = gnu17;
				GCC_DYNAMIC_NO_PIC = NO;
				GCC_NO_COMMON_BLOCKS = YES;
				GCC_OPTIMIZATION_LEVEL = 0;
				GCC_PREPROCESSOR_DEFINITIONS = (
					"DEBUG=1",
					"$(inherited)",
				);
				GCC_WARN_64_TO_32_BIT_CONVERSION = YES;
				GCC_WARN_ABOUT_RETURN_TYPE = YES_ERROR;
				GCC_WARN_UNDECLARED_SELECTOR = YES;
				GCC_WARN_UNINITIALIZED_AUTOS = YES_AGGRESSIVE;
				GCC_WARN_UNUSED_FUNCTION = YES;
				GCC_WARN_UNUSED_VARIABLE = YES;
				IPHONEOS_DEPLOYMENT_TARGET = 17.0;
				LOCALIZATION_PREFERS_STRING_CATALOGS = YES;
				MTL_ENABLE_DEBUG_INFO = INCLUDE_SOURCE;
				MTL_FAST_MATH = YES;
				ONLY_ACTIVE_ARCH = YES;
				SDKROOT = iphoneos;
				SWIFT_ACTIVE_COMPILATION_CONDITIONS = "DEBUG $(inherited)";
				SWIFT_OPTIMIZATION_LEVEL = "-Onone";
			};
			name = Debug;
		};
		38F652242AED773500349F5A /* Release */ = {
			isa = XCBuildConfiguration;
			buildSettings = {
				ALWAYS_SEARCH_USER_PATHS = NO;
				ASSETCATALOG_COMPILER_GENERATE_SWIFT_ASSET_SYMBOL_EXTENSIONS = YES;
				CLANG_ANALYZER_NONNULL = YES;
				CLANG_ANALYZER_NUMBER_OBJECT_CONVERSION = YES_AGGRESSIVE;
				CLANG_CXX_LANGUAGE_STANDARD = "gnu++20";
				CLANG_ENABLE_MODULES = YES;
				CLANG_ENABLE_OBJC_ARC = YES;
				CLANG_ENABLE_OBJC_WEAK = YES;
				CLANG_WARN_BLOCK_CAPTURE_AUTORELEASING = YES;
				CLANG_WARN_BOOL_CONVERSION = YES;
				CLANG_WARN_COMMA = YES;
				CLANG_WARN_CONSTANT_CONVERSION = YES;
				CLANG_WARN_DEPRECATED_OBJC_IMPLEMENTATIONS = YES;
				CLANG_WARN_DIRECT_OBJC_ISA_USAGE = YES_ERROR;
				CLANG_WARN_DOCUMENTATION_COMMENTS = YES;
				CLANG_WARN_EMPTY_BODY = YES;
				CLANG_WARN_ENUM_CONVERSION = YES;
				CLANG_WARN_INFINITE_RECURSION = YES;
				CLANG_WARN_INT_CONVERSION = YES;
				CLANG_WARN_NON_LITERAL_NULL_CONVERSION = YES;
				CLANG_WARN_OBJC_IMPLICIT_RETAIN_SELF = YES;
				CLANG_WARN_OBJC_LITERAL_CONVERSION = YES;
				CLANG_WARN_OBJC_ROOT_CLASS = YES_ERROR;
				CLANG_WARN_QUOTED_INCLUDE_IN_FRAMEWORK_HEADER = YES;
				CLANG_WARN_RANGE_LOOP_ANALYSIS = YES;
				CLANG_WARN_STRICT_PROTOTYPES = YES;
				CLANG_WARN_SUSPICIOUS_MOVE = YES;
				CLANG_WARN_UNGUARDED_AVAILABILITY = YES_AGGRESSIVE;
				CLANG_WARN_UNREACHABLE_CODE = YES;
				CLANG_WARN__DUPLICATE_METHOD_MATCH = YES;
				COPY_PHASE_STRIP = NO;
				DEBUG_INFORMATION_FORMAT = "dwarf-with-dsym";
				ENABLE_NS_ASSERTIONS = NO;
				ENABLE_STRICT_OBJC_MSGSEND = YES;
				ENABLE_USER_SCRIPT_SANDBOXING = YES;
				GCC_C_LANGUAGE_STANDARD = gnu17;
				GCC_NO_COMMON_BLOCKS = YES;
				GCC_WARN_64_TO_32_BIT_CONVERSION = YES;
				GCC_WARN_ABOUT_RETURN_TYPE = YES_ERROR;
				GCC_WARN_UNDECLARED_SELECTOR = YES;
				GCC_WARN_UNINITIALIZED_AUTOS = YES_AGGRESSIVE;
				GCC_WARN_UNUSED_FUNCTION = YES;
				GCC_WARN_UNUSED_VARIABLE = YES;
				IPHONEOS_DEPLOYMENT_TARGET = 17.0;
				LOCALIZATION_PREFERS_STRING_CATALOGS = YES;
				MTL_ENABLE_DEBUG_INFO = NO;
				MTL_FAST_MATH = YES;
				SDKROOT = iphoneos;
				SWIFT_COMPILATION_MODE = wholemodule;
				VALIDATE_PRODUCT = YES;
			};
			name = Release;
		};
		38F652262AED773500349F5A /* Debug */ = {
			isa = XCBuildConfiguration;
			buildSettings = {
				ASSETCATALOG_COMPILER_APPICON_NAME = AppIcon;
				ASSETCATALOG_COMPILER_GLOBAL_ACCENT_COLOR_NAME = AccentColor;
				CODE_SIGN_STYLE = Automatic;
				CURRENT_PROJECT_VERSION = 1;
				DEVELOPMENT_ASSET_PATHS = "\"Link/Preview Content\"";
				DEVELOPMENT_TEAM = CS7P9L74D4;
				ENABLE_PREVIEWS = YES;
				GENERATE_INFOPLIST_FILE = YES;
				INFOPLIST_KEY_UIApplicationSceneManifest_Generation = YES;
				INFOPLIST_KEY_UIApplicationSupportsIndirectInputEvents = YES;
				INFOPLIST_KEY_UILaunchScreen_Generation = YES;
				INFOPLIST_KEY_UISupportedInterfaceOrientations_iPad = "UIInterfaceOrientationPortrait UIInterfaceOrientationPortraitUpsideDown UIInterfaceOrientationLandscapeLeft UIInterfaceOrientationLandscapeRight";
				INFOPLIST_KEY_UISupportedInterfaceOrientations_iPhone = "UIInterfaceOrientationPortrait UIInterfaceOrientationLandscapeLeft UIInterfaceOrientationLandscapeRight";
				LD_RUNPATH_SEARCH_PATHS = (
					"$(inherited)",
					"@executable_path/Frameworks",
				);
				MARKETING_VERSION = 1.0;
				PRODUCT_BUNDLE_IDENTIFIER = DavidWilliams.Link;
				PRODUCT_NAME = "$(TARGET_NAME)";
				SWIFT_EMIT_LOC_STRINGS = YES;
				SWIFT_VERSION = 5.0;
				TARGETED_DEVICE_FAMILY = "1,2";
			};
			name = Debug;
		};
		38F652272AED773500349F5A /* Release */ = {
			isa = XCBuildConfiguration;
			buildSettings = {
				ASSETCATALOG_COMPILER_APPICON_NAME = AppIcon;
				ASSETCATALOG_COMPILER_GLOBAL_ACCENT_COLOR_NAME = AccentColor;
				CODE_SIGN_STYLE = Automatic;
				CURRENT_PROJECT_VERSION = 1;
				DEVELOPMENT_ASSET_PATHS = "\"Link/Preview Content\"";
				DEVELOPMENT_TEAM = CS7P9L74D4;
				ENABLE_PREVIEWS = YES;
				GENERATE_INFOPLIST_FILE = YES;
				INFOPLIST_KEY_UIApplicationSceneManifest_Generation = YES;
				INFOPLIST_KEY_UIApplicationSupportsIndirectInputEvents = YES;
				INFOPLIST_KEY_UILaunchScreen_Generation = YES;
				INFOPLIST_KEY_UISupportedInterfaceOrientations_iPad = "UIInterfaceOrientationPortrait UIInterfaceOrientationPortraitUpsideDown UIInterfaceOrientationLandscapeLeft UIInterfaceOrientationLandscapeRight";
				INFOPLIST_KEY_UISupportedInterfaceOrientations_iPhone = "UIInterfaceOrientationPortrait UIInterfaceOrientationLandscapeLeft UIInterfaceOrientationLandscapeRight";
				LD_RUNPATH_SEARCH_PATHS = (
					"$(inherited)",
					"@executable_path/Frameworks",
				);
				MARKETING_VERSION = 1.0;
				PRODUCT_BUNDLE_IDENTIFIER = DavidWilliams.Link;
				PRODUCT_NAME = "$(TARGET_NAME)";
				SWIFT_EMIT_LOC_STRINGS = YES;
				SWIFT_VERSION = 5.0;
				TARGETED_DEVICE_FAMILY = "1,2";
			};
			name = Release;
		};
/* End XCBuildConfiguration section */

/* Begin XCConfigurationList section */
		38F652122AED773300349F5A /* Build configuration list for PBXProject "Link" */ = {
			isa = XCConfigurationList;
			buildConfigurations = (
				38F652232AED773500349F5A /* Debug */,
				38F652242AED773500349F5A /* Release */,
			);
			defaultConfigurationIsVisible = 0;
			defaultConfigurationName = Release;
		};
		38F652252AED773500349F5A /* Build configuration list for PBXNativeTarget "Link" */ = {
			isa = XCConfigurationList;
			buildConfigurations = (
				38F652262AED773500349F5A /* Debug */,
				38F652272AED773500349F5A /* Release */,
			);
			defaultConfigurationIsVisible = 0;
			defaultConfigurationName = Release;
		};
/* End XCConfigurationList section */

/* Begin XCRemoteSwiftPackageReference section */
		54E5103E2AED8E9200DA3D7E /* XCRemoteSwiftPackageReference "firebase-ios-sdk" */ = {
			isa = XCRemoteSwiftPackageReference;
			repositoryURL = "https://github.com/firebase/firebase-ios-sdk";
			requirement = {
				kind = upToNextMajorVersion;
				minimumVersion = 10.16.0;
			};
		};
/* End XCRemoteSwiftPackageReference section */

/* Begin XCSwiftPackageProductDependency section */
		54E5103F2AED8E9200DA3D7E /* FirebaseAnalytics */ = {
			isa = XCSwiftPackageProductDependency;
			package = 54E5103E2AED8E9200DA3D7E /* XCRemoteSwiftPackageReference "firebase-ios-sdk" */;
			productName = FirebaseAnalytics;
		};
		54E510412AED8E9200DA3D7E /* FirebaseAnalyticsOnDeviceConversion */ = {
			isa = XCSwiftPackageProductDependency;
			package = 54E5103E2AED8E9200DA3D7E /* XCRemoteSwiftPackageReference "firebase-ios-sdk" */;
			productName = FirebaseAnalyticsOnDeviceConversion;
		};
		54E510432AED8E9200DA3D7E /* FirebaseAnalyticsSwift */ = {
			isa = XCSwiftPackageProductDependency;
			package = 54E5103E2AED8E9200DA3D7E /* XCRemoteSwiftPackageReference "firebase-ios-sdk" */;
			productName = FirebaseAnalyticsSwift;
		};
		54E510452AED8E9200DA3D7E /* FirebaseAnalyticsWithoutAdIdSupport */ = {
			isa = XCSwiftPackageProductDependency;
			package = 54E5103E2AED8E9200DA3D7E /* XCRemoteSwiftPackageReference "firebase-ios-sdk" */;
			productName = FirebaseAnalyticsWithoutAdIdSupport;
		};
		54E510472AED8E9200DA3D7E /* FirebaseAppCheck */ = {
			isa = XCSwiftPackageProductDependency;
			package = 54E5103E2AED8E9200DA3D7E /* XCRemoteSwiftPackageReference "firebase-ios-sdk" */;
			productName = FirebaseAppCheck;
		};
		54E510492AED8E9200DA3D7E /* FirebaseAppDistribution-Beta */ = {
			isa = XCSwiftPackageProductDependency;
			package = 54E5103E2AED8E9200DA3D7E /* XCRemoteSwiftPackageReference "firebase-ios-sdk" */;
			productName = "FirebaseAppDistribution-Beta";
		};
		54E5104B2AED8E9200DA3D7E /* FirebaseAuth */ = {
			isa = XCSwiftPackageProductDependency;
			package = 54E5103E2AED8E9200DA3D7E /* XCRemoteSwiftPackageReference "firebase-ios-sdk" */;
			productName = FirebaseAuth;
		};
		54E5104D2AED8E9200DA3D7E /* FirebaseAuthCombine-Community */ = {
			isa = XCSwiftPackageProductDependency;
			package = 54E5103E2AED8E9200DA3D7E /* XCRemoteSwiftPackageReference "firebase-ios-sdk" */;
			productName = "FirebaseAuthCombine-Community";
		};
		54E5104F2AED8E9200DA3D7E /* FirebaseCrashlytics */ = {
			isa = XCSwiftPackageProductDependency;
			package = 54E5103E2AED8E9200DA3D7E /* XCRemoteSwiftPackageReference "firebase-ios-sdk" */;
			productName = FirebaseCrashlytics;
		};
		54E510512AED8E9200DA3D7E /* FirebaseDatabase */ = {
			isa = XCSwiftPackageProductDependency;
			package = 54E5103E2AED8E9200DA3D7E /* XCRemoteSwiftPackageReference "firebase-ios-sdk" */;
			productName = FirebaseDatabase;
		};
		54E510532AED8E9200DA3D7E /* FirebaseDatabaseSwift */ = {
			isa = XCSwiftPackageProductDependency;
			package = 54E5103E2AED8E9200DA3D7E /* XCRemoteSwiftPackageReference "firebase-ios-sdk" */;
			productName = FirebaseDatabaseSwift;
		};
		54E510552AED8E9200DA3D7E /* FirebaseDynamicLinks */ = {
			isa = XCSwiftPackageProductDependency;
			package = 54E5103E2AED8E9200DA3D7E /* XCRemoteSwiftPackageReference "firebase-ios-sdk" */;
			productName = FirebaseDynamicLinks;
		};
		54E510572AED8E9200DA3D7E /* FirebaseFirestore */ = {
			isa = XCSwiftPackageProductDependency;
			package = 54E5103E2AED8E9200DA3D7E /* XCRemoteSwiftPackageReference "firebase-ios-sdk" */;
			productName = FirebaseFirestore;
		};
		54E510592AED8E9200DA3D7E /* FirebaseFirestoreCombine-Community */ = {
			isa = XCSwiftPackageProductDependency;
			package = 54E5103E2AED8E9200DA3D7E /* XCRemoteSwiftPackageReference "firebase-ios-sdk" */;
			productName = "FirebaseFirestoreCombine-Community";
		};
		54E5105B2AED8E9200DA3D7E /* FirebaseFirestoreSwift */ = {
			isa = XCSwiftPackageProductDependency;
			package = 54E5103E2AED8E9200DA3D7E /* XCRemoteSwiftPackageReference "firebase-ios-sdk" */;
			productName = FirebaseFirestoreSwift;
		};
		54E5105D2AED8E9200DA3D7E /* FirebaseFunctions */ = {
			isa = XCSwiftPackageProductDependency;
			package = 54E5103E2AED8E9200DA3D7E /* XCRemoteSwiftPackageReference "firebase-ios-sdk" */;
			productName = FirebaseFunctions;
		};
		54E5105F2AED8E9200DA3D7E /* FirebaseFunctionsCombine-Community */ = {
			isa = XCSwiftPackageProductDependency;
			package = 54E5103E2AED8E9200DA3D7E /* XCRemoteSwiftPackageReference "firebase-ios-sdk" */;
			productName = "FirebaseFunctionsCombine-Community";
		};
		54E510612AED8E9200DA3D7E /* FirebaseInAppMessaging-Beta */ = {
			isa = XCSwiftPackageProductDependency;
			package = 54E5103E2AED8E9200DA3D7E /* XCRemoteSwiftPackageReference "firebase-ios-sdk" */;
			productName = "FirebaseInAppMessaging-Beta";
		};
		54E510632AED8E9200DA3D7E /* FirebaseInAppMessagingSwift-Beta */ = {
			isa = XCSwiftPackageProductDependency;
			package = 54E5103E2AED8E9200DA3D7E /* XCRemoteSwiftPackageReference "firebase-ios-sdk" */;
			productName = "FirebaseInAppMessagingSwift-Beta";
		};
		54E510652AED8E9200DA3D7E /* FirebaseInstallations */ = {
			isa = XCSwiftPackageProductDependency;
			package = 54E5103E2AED8E9200DA3D7E /* XCRemoteSwiftPackageReference "firebase-ios-sdk" */;
			productName = FirebaseInstallations;
		};
		54E510672AED8E9200DA3D7E /* FirebaseMLModelDownloader */ = {
			isa = XCSwiftPackageProductDependency;
			package = 54E5103E2AED8E9200DA3D7E /* XCRemoteSwiftPackageReference "firebase-ios-sdk" */;
			productName = FirebaseMLModelDownloader;
		};
		54E510692AED8E9200DA3D7E /* FirebaseMessaging */ = {
			isa = XCSwiftPackageProductDependency;
			package = 54E5103E2AED8E9200DA3D7E /* XCRemoteSwiftPackageReference "firebase-ios-sdk" */;
			productName = FirebaseMessaging;
		};
		54E5106B2AED8E9200DA3D7E /* FirebasePerformance */ = {
			isa = XCSwiftPackageProductDependency;
			package = 54E5103E2AED8E9200DA3D7E /* XCRemoteSwiftPackageReference "firebase-ios-sdk" */;
			productName = FirebasePerformance;
		};
		54E5106D2AED8E9200DA3D7E /* FirebaseRemoteConfig */ = {
			isa = XCSwiftPackageProductDependency;
			package = 54E5103E2AED8E9200DA3D7E /* XCRemoteSwiftPackageReference "firebase-ios-sdk" */;
			productName = FirebaseRemoteConfig;
		};
		54E5106F2AED8E9200DA3D7E /* FirebaseRemoteConfigSwift */ = {
			isa = XCSwiftPackageProductDependency;
			package = 54E5103E2AED8E9200DA3D7E /* XCRemoteSwiftPackageReference "firebase-ios-sdk" */;
			productName = FirebaseRemoteConfigSwift;
		};
		54E510712AED8E9200DA3D7E /* FirebaseStorage */ = {
			isa = XCSwiftPackageProductDependency;
			package = 54E5103E2AED8E9200DA3D7E /* XCRemoteSwiftPackageReference "firebase-ios-sdk" */;
			productName = FirebaseStorage;
		};
		54E510732AED8E9200DA3D7E /* FirebaseStorageCombine-Community */ = {
			isa = XCSwiftPackageProductDependency;
			package = 54E5103E2AED8E9200DA3D7E /* XCRemoteSwiftPackageReference "firebase-ios-sdk" */;
			productName = "FirebaseStorageCombine-Community";
		};
/* End XCSwiftPackageProductDependency section */
	};
	rootObject = 38F6520F2AED773300349F5A /* Project object */;
}
