// !$*UTF8*$!
{
	archiveVersion = 1;
	classes = {
	};
	objectVersion = 56;
	objects = {

/* Begin PBXBuildFile section */
		387104402AEDBB8C00EF9457 /* FirebaseAnalytics in Frameworks */ = {isa = PBXBuildFile; productRef = 3871043F2AEDBB8C00EF9457 /* FirebaseAnalytics */; };
		387104422AEDBB8C00EF9457 /* FirebaseAnalyticsOnDeviceConversion in Frameworks */ = {isa = PBXBuildFile; productRef = 387104412AEDBB8C00EF9457 /* FirebaseAnalyticsOnDeviceConversion */; };
		387104442AEDBB8C00EF9457 /* FirebaseAnalyticsSwift in Frameworks */ = {isa = PBXBuildFile; productRef = 387104432AEDBB8C00EF9457 /* FirebaseAnalyticsSwift */; };
		387104462AEDBB8C00EF9457 /* FirebaseAnalyticsWithoutAdIdSupport in Frameworks */ = {isa = PBXBuildFile; productRef = 387104452AEDBB8C00EF9457 /* FirebaseAnalyticsWithoutAdIdSupport */; };
		387104482AEDBB8C00EF9457 /* FirebaseAppCheck in Frameworks */ = {isa = PBXBuildFile; productRef = 387104472AEDBB8C00EF9457 /* FirebaseAppCheck */; };
		3871044A2AEDBB8C00EF9457 /* FirebaseAppDistribution-Beta in Frameworks */ = {isa = PBXBuildFile; productRef = 387104492AEDBB8C00EF9457 /* FirebaseAppDistribution-Beta */; };
		3871044C2AEDBB8C00EF9457 /* FirebaseAuth in Frameworks */ = {isa = PBXBuildFile; productRef = 3871044B2AEDBB8C00EF9457 /* FirebaseAuth */; };
		3871044E2AEDBB8C00EF9457 /* FirebaseAuthCombine-Community in Frameworks */ = {isa = PBXBuildFile; productRef = 3871044D2AEDBB8C00EF9457 /* FirebaseAuthCombine-Community */; };
		387104502AEDBB8C00EF9457 /* FirebaseCrashlytics in Frameworks */ = {isa = PBXBuildFile; productRef = 3871044F2AEDBB8C00EF9457 /* FirebaseCrashlytics */; };
		387104522AEDBB8C00EF9457 /* FirebaseDatabase in Frameworks */ = {isa = PBXBuildFile; productRef = 387104512AEDBB8C00EF9457 /* FirebaseDatabase */; };
		387104542AEDBB8C00EF9457 /* FirebaseDatabaseSwift in Frameworks */ = {isa = PBXBuildFile; productRef = 387104532AEDBB8C00EF9457 /* FirebaseDatabaseSwift */; };
		387104562AEDBB8C00EF9457 /* FirebaseDynamicLinks in Frameworks */ = {isa = PBXBuildFile; productRef = 387104552AEDBB8C00EF9457 /* FirebaseDynamicLinks */; };
		387104582AEDBB8C00EF9457 /* FirebaseFirestore in Frameworks */ = {isa = PBXBuildFile; productRef = 387104572AEDBB8C00EF9457 /* FirebaseFirestore */; };
		3871045A2AEDBB8C00EF9457 /* FirebaseFirestoreCombine-Community in Frameworks */ = {isa = PBXBuildFile; productRef = 387104592AEDBB8C00EF9457 /* FirebaseFirestoreCombine-Community */; };
		3871045C2AEDBB8C00EF9457 /* FirebaseFirestoreSwift in Frameworks */ = {isa = PBXBuildFile; productRef = 3871045B2AEDBB8C00EF9457 /* FirebaseFirestoreSwift */; };
		3871045E2AEDBB8C00EF9457 /* FirebaseFunctions in Frameworks */ = {isa = PBXBuildFile; productRef = 3871045D2AEDBB8C00EF9457 /* FirebaseFunctions */; };
		387104602AEDBB8C00EF9457 /* FirebaseFunctionsCombine-Community in Frameworks */ = {isa = PBXBuildFile; productRef = 3871045F2AEDBB8C00EF9457 /* FirebaseFunctionsCombine-Community */; };
		387104622AEDBB8C00EF9457 /* FirebaseInAppMessaging-Beta in Frameworks */ = {isa = PBXBuildFile; productRef = 387104612AEDBB8C00EF9457 /* FirebaseInAppMessaging-Beta */; };
		387104642AEDE15100EF9457 /* FriendRequest.swift in Sources */ = {isa = PBXBuildFile; fileRef = 387104632AEDE15100EF9457 /* FriendRequest.swift */; };
		38F6521B2AED773300349F5A /* LinkApp.swift in Sources */ = {isa = PBXBuildFile; fileRef = 38F6521A2AED773300349F5A /* LinkApp.swift */; };
		38F6521D2AED773300349F5A /* ContentView.swift in Sources */ = {isa = PBXBuildFile; fileRef = 38F6521C2AED773300349F5A /* ContentView.swift */; };
		38F6521F2AED773500349F5A /* Assets.xcassets in Resources */ = {isa = PBXBuildFile; fileRef = 38F6521E2AED773500349F5A /* Assets.xcassets */; };
		38F652222AED773500349F5A /* Preview Assets.xcassets in Resources */ = {isa = PBXBuildFile; fileRef = 38F652212AED773500349F5A /* Preview Assets.xcassets */; };
		38F652302AED9DD300349F5A /* User.swift in Sources */ = {isa = PBXBuildFile; fileRef = 38F6522F2AED9DD300349F5A /* User.swift */; };
		54E5103D2AED8DE000DA3D7E /* GoogleService-Info.plist in Resources */ = {isa = PBXBuildFile; fileRef = 54E5103C2AED8DDF00DA3D7E /* GoogleService-Info.plist */; };
		54E510762AED8EF500DA3D7E /* FireBaseService.swift in Sources */ = {isa = PBXBuildFile; fileRef = 54E510752AED8EF500DA3D7E /* FireBaseService.swift */; };
		54E5107A2AED9F6D00DA3D7E /* NotificationManager.swift in Sources */ = {isa = PBXBuildFile; fileRef = 54E510792AED9F6D00DA3D7E /* NotificationManager.swift */; };
/* End PBXBuildFile section */

/* Begin PBXFileReference section */
		387104632AEDE15100EF9457 /* FriendRequest.swift */ = {isa = PBXFileReference; lastKnownFileType = sourcecode.swift; path = FriendRequest.swift; sourceTree = "<group>"; };
		38F652172AED773300349F5A /* Link.app */ = {isa = PBXFileReference; explicitFileType = wrapper.application; includeInIndex = 0; path = Link.app; sourceTree = BUILT_PRODUCTS_DIR; };
		38F6521A2AED773300349F5A /* LinkApp.swift */ = {isa = PBXFileReference; lastKnownFileType = sourcecode.swift; path = LinkApp.swift; sourceTree = "<group>"; };
		38F6521C2AED773300349F5A /* ContentView.swift */ = {isa = PBXFileReference; lastKnownFileType = sourcecode.swift; path = ContentView.swift; sourceTree = "<group>"; };
		38F6521E2AED773500349F5A /* Assets.xcassets */ = {isa = PBXFileReference; lastKnownFileType = folder.assetcatalog; path = Assets.xcassets; sourceTree = "<group>"; };
		38F652212AED773500349F5A /* Preview Assets.xcassets */ = {isa = PBXFileReference; lastKnownFileType = folder.assetcatalog; path = "Preview Assets.xcassets"; sourceTree = "<group>"; };
		38F6522F2AED9DD300349F5A /* User.swift */ = {isa = PBXFileReference; lastKnownFileType = sourcecode.swift; path = User.swift; sourceTree = "<group>"; };
		54E5103C2AED8DDF00DA3D7E /* GoogleService-Info.plist */ = {isa = PBXFileReference; fileEncoding = 4; lastKnownFileType = text.plist.xml; path = "GoogleService-Info.plist"; sourceTree = "<group>"; };
		54E510752AED8EF500DA3D7E /* FireBaseService.swift */ = {isa = PBXFileReference; lastKnownFileType = sourcecode.swift; path = FireBaseService.swift; sourceTree = "<group>"; };
		54E510792AED9F6D00DA3D7E /* NotificationManager.swift */ = {isa = PBXFileReference; lastKnownFileType = sourcecode.swift; path = NotificationManager.swift; sourceTree = "<group>"; };
/* End PBXFileReference section */

/* Begin PBXFrameworksBuildPhase section */
		38F652142AED773300349F5A /* Frameworks */ = {
			isa = PBXFrameworksBuildPhase;
			buildActionMask = 2147483647;
			files = (
				387104522AEDBB8C00EF9457 /* FirebaseDatabase in Frameworks */,
				387104602AEDBB8C00EF9457 /* FirebaseFunctionsCombine-Community in Frameworks */,
				387104582AEDBB8C00EF9457 /* FirebaseFirestore in Frameworks */,
				387104442AEDBB8C00EF9457 /* FirebaseAnalyticsSwift in Frameworks */,
				387104402AEDBB8C00EF9457 /* FirebaseAnalytics in Frameworks */,
				387104422AEDBB8C00EF9457 /* FirebaseAnalyticsOnDeviceConversion in Frameworks */,
				3871045C2AEDBB8C00EF9457 /* FirebaseFirestoreSwift in Frameworks */,
				387104482AEDBB8C00EF9457 /* FirebaseAppCheck in Frameworks */,
				387104462AEDBB8C00EF9457 /* FirebaseAnalyticsWithoutAdIdSupport in Frameworks */,
				3871044C2AEDBB8C00EF9457 /* FirebaseAuth in Frameworks */,
				387104502AEDBB8C00EF9457 /* FirebaseCrashlytics in Frameworks */,
				387104622AEDBB8C00EF9457 /* FirebaseInAppMessaging-Beta in Frameworks */,
				387104542AEDBB8C00EF9457 /* FirebaseDatabaseSwift in Frameworks */,
				3871045E2AEDBB8C00EF9457 /* FirebaseFunctions in Frameworks */,
				3871044A2AEDBB8C00EF9457 /* FirebaseAppDistribution-Beta in Frameworks */,
				3871044E2AEDBB8C00EF9457 /* FirebaseAuthCombine-Community in Frameworks */,
				387104562AEDBB8C00EF9457 /* FirebaseDynamicLinks in Frameworks */,
				3871045A2AEDBB8C00EF9457 /* FirebaseFirestoreCombine-Community in Frameworks */,
			);
			runOnlyForDeploymentPostprocessing = 0;
		};
/* End PBXFrameworksBuildPhase section */

/* Begin PBXGroup section */
		38F6520E2AED773300349F5A = {
			isa = PBXGroup;
			children = (
				38F652192AED773300349F5A /* Link */,
				38F652182AED773300349F5A /* Products */,
			);
			sourceTree = "<group>";
		};
		38F652182AED773300349F5A /* Products */ = {
			isa = PBXGroup;
			children = (
				38F652172AED773300349F5A /* Link.app */,
			);
			name = Products;
			sourceTree = "<group>";
		};
		38F652192AED773300349F5A /* Link */ = {
			isa = PBXGroup;
			children = (
				38F6521A2AED773300349F5A /* LinkApp.swift */,
				38F6521C2AED773300349F5A /* ContentView.swift */,
				38F6522E2AED9DC800349F5A /* Models */,
				38F6522C2AED9DAB00349F5A /* Authentication */,
				54E5103C2AED8DDF00DA3D7E /* GoogleService-Info.plist */,
				38F6521E2AED773500349F5A /* Assets.xcassets */,
				38F652202AED773500349F5A /* Preview Content */,
				54E510792AED9F6D00DA3D7E /* NotificationManager.swift */,
			);
			path = Link;
			sourceTree = "<group>";
		};
		38F652202AED773500349F5A /* Preview Content */ = {
			isa = PBXGroup;
			children = (
				38F652212AED773500349F5A /* Preview Assets.xcassets */,
			);
			path = "Preview Content";
			sourceTree = "<group>";
		};
		38F6522C2AED9DAB00349F5A /* Authentication */ = {
			isa = PBXGroup;
			children = (
				54E510752AED8EF500DA3D7E /* FireBaseService.swift */,
			);
			path = Authentication;
			sourceTree = "<group>";
		};
		38F6522E2AED9DC800349F5A /* Models */ = {
			isa = PBXGroup;
			children = (
				38F6522F2AED9DD300349F5A /* User.swift */,
				387104632AEDE15100EF9457 /* FriendRequest.swift */,
			);
			path = Models;
			sourceTree = "<group>";
		};
/* End PBXGroup section */

/* Begin PBXNativeTarget section */
		38F652162AED773300349F5A /* Link */ = {
			isa = PBXNativeTarget;
			buildConfigurationList = 38F652252AED773500349F5A /* Build configuration list for PBXNativeTarget "Link" */;
			buildPhases = (
				38F652132AED773300349F5A /* Sources */,
				38F652142AED773300349F5A /* Frameworks */,
				38F652152AED773300349F5A /* Resources */,
			);
			buildRules = (
			);
			dependencies = (
			);
			name = Link;
			packageProductDependencies = (
				3871043F2AEDBB8C00EF9457 /* FirebaseAnalytics */,
				387104412AEDBB8C00EF9457 /* FirebaseAnalyticsOnDeviceConversion */,
				387104432AEDBB8C00EF9457 /* FirebaseAnalyticsSwift */,
				387104452AEDBB8C00EF9457 /* FirebaseAnalyticsWithoutAdIdSupport */,
				387104472AEDBB8C00EF9457 /* FirebaseAppCheck */,
				387104492AEDBB8C00EF9457 /* FirebaseAppDistribution-Beta */,
				3871044B2AEDBB8C00EF9457 /* FirebaseAuth */,
				3871044D2AEDBB8C00EF9457 /* FirebaseAuthCombine-Community */,
				3871044F2AEDBB8C00EF9457 /* FirebaseCrashlytics */,
				387104512AEDBB8C00EF9457 /* FirebaseDatabase */,
				387104532AEDBB8C00EF9457 /* FirebaseDatabaseSwift */,
				387104552AEDBB8C00EF9457 /* FirebaseDynamicLinks */,
				387104572AEDBB8C00EF9457 /* FirebaseFirestore */,
				387104592AEDBB8C00EF9457 /* FirebaseFirestoreCombine-Community */,
				3871045B2AEDBB8C00EF9457 /* FirebaseFirestoreSwift */,
				3871045D2AEDBB8C00EF9457 /* FirebaseFunctions */,
				3871045F2AEDBB8C00EF9457 /* FirebaseFunctionsCombine-Community */,
				387104612AEDBB8C00EF9457 /* FirebaseInAppMessaging-Beta */,
			);
			productName = Link;
			productReference = 38F652172AED773300349F5A /* Link.app */;
			productType = "com.apple.product-type.application";
		};
/* End PBXNativeTarget section */

/* Begin PBXProject section */
		38F6520F2AED773300349F5A /* Project object */ = {
			isa = PBXProject;
			attributes = {
				BuildIndependentTargetsInParallel = 1;
				LastSwiftUpdateCheck = 1500;
				LastUpgradeCheck = 1500;
				TargetAttributes = {
					38F652162AED773300349F5A = {
						CreatedOnToolsVersion = 15.0;
					};
				};
			};
			buildConfigurationList = 38F652122AED773300349F5A /* Build configuration list for PBXProject "Link" */;
			compatibilityVersion = "Xcode 14.0";
			developmentRegion = en;
			hasScannedForEncodings = 0;
			knownRegions = (
				en,
				Base,
			);
			mainGroup = 38F6520E2AED773300349F5A;
			packageReferences = (
				3871043E2AEDBB8C00EF9457 /* XCRemoteSwiftPackageReference "firebase-ios-sdk" */,
			);
			productRefGroup = 38F652182AED773300349F5A /* Products */;
			projectDirPath = "";
			projectRoot = "";
			targets = (
				38F652162AED773300349F5A /* Link */,
			);
		};
/* End PBXProject section */

/* Begin PBXResourcesBuildPhase section */
		38F652152AED773300349F5A /* Resources */ = {
			isa = PBXResourcesBuildPhase;
			buildActionMask = 2147483647;
			files = (
				38F652222AED773500349F5A /* Preview Assets.xcassets in Resources */,
				38F6521F2AED773500349F5A /* Assets.xcassets in Resources */,
				54E5103D2AED8DE000DA3D7E /* GoogleService-Info.plist in Resources */,
			);
			runOnlyForDeploymentPostprocessing = 0;
		};
/* End PBXResourcesBuildPhase section */

/* Begin PBXSourcesBuildPhase section */
		38F652132AED773300349F5A /* Sources */ = {
			isa = PBXSourcesBuildPhase;
			buildActionMask = 2147483647;
			files = (
				38F652302AED9DD300349F5A /* User.swift in Sources */,
				54E510762AED8EF500DA3D7E /* FireBaseService.swift in Sources */,
				54E5107A2AED9F6D00DA3D7E /* NotificationManager.swift in Sources */,
				38F6521D2AED773300349F5A /* ContentView.swift in Sources */,
				38F6521B2AED773300349F5A /* LinkApp.swift in Sources */,
				387104642AEDE15100EF9457 /* FriendRequest.swift in Sources */,
			);
			runOnlyForDeploymentPostprocessing = 0;
		};
/* End PBXSourcesBuildPhase section */

/* Begin XCBuildConfiguration section */
		38F652232AED773500349F5A /* Debug */ = {
			isa = XCBuildConfiguration;
			buildSettings = {
				ALWAYS_SEARCH_USER_PATHS = NO;
				ASSETCATALOG_COMPILER_GENERATE_SWIFT_ASSET_SYMBOL_EXTENSIONS = YES;
				CLANG_ANALYZER_NONNULL = YES;
				CLANG_ANALYZER_NUMBER_OBJECT_CONVERSION = YES_AGGRESSIVE;
				CLANG_CXX_LANGUAGE_STANDARD = "gnu++20";
				CLANG_ENABLE_MODULES = YES;
				CLANG_ENABLE_OBJC_ARC = YES;
				CLANG_ENABLE_OBJC_WEAK = YES;
				CLANG_WARN_BLOCK_CAPTURE_AUTORELEASING = YES;
				CLANG_WARN_BOOL_CONVERSION = YES;
				CLANG_WARN_COMMA = YES;
				CLANG_WARN_CONSTANT_CONVERSION = YES;
				CLANG_WARN_DEPRECATED_OBJC_IMPLEMENTATIONS = YES;
				CLANG_WARN_DIRECT_OBJC_ISA_USAGE = YES_ERROR;
				CLANG_WARN_DOCUMENTATION_COMMENTS = YES;
				CLANG_WARN_EMPTY_BODY = YES;
				CLANG_WARN_ENUM_CONVERSION = YES;
				CLANG_WARN_INFINITE_RECURSION = YES;
				CLANG_WARN_INT_CONVERSION = YES;
				CLANG_WARN_NON_LITERAL_NULL_CONVERSION = YES;
				CLANG_WARN_OBJC_IMPLICIT_RETAIN_SELF = YES;
				CLANG_WARN_OBJC_LITERAL_CONVERSION = YES;
				CLANG_WARN_OBJC_ROOT_CLASS = YES_ERROR;
				CLANG_WARN_QUOTED_INCLUDE_IN_FRAMEWORK_HEADER = YES;
				CLANG_WARN_RANGE_LOOP_ANALYSIS = YES;
				CLANG_WARN_STRICT_PROTOTYPES = YES;
				CLANG_WARN_SUSPICIOUS_MOVE = YES;
				CLANG_WARN_UNGUARDED_AVAILABILITY = YES_AGGRESSIVE;
				CLANG_WARN_UNREACHABLE_CODE = YES;
				CLANG_WARN__DUPLICATE_METHOD_MATCH = YES;
				COPY_PHASE_STRIP = NO;
				DEBUG_INFORMATION_FORMAT = dwarf;
				ENABLE_STRICT_OBJC_MSGSEND = YES;
				ENABLE_TESTABILITY = YES;
				ENABLE_USER_SCRIPT_SANDBOXING = YES;
				GCC_C_LANGUAGE_STANDARD = gnu17;
				GCC_DYNAMIC_NO_PIC = NO;
				GCC_NO_COMMON_BLOCKS = YES;
				GCC_OPTIMIZATION_LEVEL = 0;
				GCC_PREPROCESSOR_DEFINITIONS = (
					"DEBUG=1",
					"$(inherited)",
				);
				GCC_WARN_64_TO_32_BIT_CONVERSION = YES;
				GCC_WARN_ABOUT_RETURN_TYPE = YES_ERROR;
				GCC_WARN_UNDECLARED_SELECTOR = YES;
				GCC_WARN_UNINITIALIZED_AUTOS = YES_AGGRESSIVE;
				GCC_WARN_UNUSED_FUNCTION = YES;
				GCC_WARN_UNUSED_VARIABLE = YES;
				IPHONEOS_DEPLOYMENT_TARGET = 17.0;
				LOCALIZATION_PREFERS_STRING_CATALOGS = YES;
				MTL_ENABLE_DEBUG_INFO = INCLUDE_SOURCE;
				MTL_FAST_MATH = YES;
				ONLY_ACTIVE_ARCH = YES;
				SDKROOT = iphoneos;
				SWIFT_ACTIVE_COMPILATION_CONDITIONS = "DEBUG $(inherited)";
				SWIFT_OPTIMIZATION_LEVEL = "-Onone";
			};
			name = Debug;
		};
		38F652242AED773500349F5A /* Release */ = {
			isa = XCBuildConfiguration;
			buildSettings = {
				ALWAYS_SEARCH_USER_PATHS = NO;
				ASSETCATALOG_COMPILER_GENERATE_SWIFT_ASSET_SYMBOL_EXTENSIONS = YES;
				CLANG_ANALYZER_NONNULL = YES;
				CLANG_ANALYZER_NUMBER_OBJECT_CONVERSION = YES_AGGRESSIVE;
				CLANG_CXX_LANGUAGE_STANDARD = "gnu++20";
				CLANG_ENABLE_MODULES = YES;
				CLANG_ENABLE_OBJC_ARC = YES;
				CLANG_ENABLE_OBJC_WEAK = YES;
				CLANG_WARN_BLOCK_CAPTURE_AUTORELEASING = YES;
				CLANG_WARN_BOOL_CONVERSION = YES;
				CLANG_WARN_COMMA = YES;
				CLANG_WARN_CONSTANT_CONVERSION = YES;
				CLANG_WARN_DEPRECATED_OBJC_IMPLEMENTATIONS = YES;
				CLANG_WARN_DIRECT_OBJC_ISA_USAGE = YES_ERROR;
				CLANG_WARN_DOCUMENTATION_COMMENTS = YES;
				CLANG_WARN_EMPTY_BODY = YES;
				CLANG_WARN_ENUM_CONVERSION = YES;
				CLANG_WARN_INFINITE_RECURSION = YES;
				CLANG_WARN_INT_CONVERSION = YES;
				CLANG_WARN_NON_LITERAL_NULL_CONVERSION = YES;
				CLANG_WARN_OBJC_IMPLICIT_RETAIN_SELF = YES;
				CLANG_WARN_OBJC_LITERAL_CONVERSION = YES;
				CLANG_WARN_OBJC_ROOT_CLASS = YES_ERROR;
				CLANG_WARN_QUOTED_INCLUDE_IN_FRAMEWORK_HEADER = YES;
				CLANG_WARN_RANGE_LOOP_ANALYSIS = YES;
				CLANG_WARN_STRICT_PROTOTYPES = YES;
				CLANG_WARN_SUSPICIOUS_MOVE = YES;
				CLANG_WARN_UNGUARDED_AVAILABILITY = YES_AGGRESSIVE;
				CLANG_WARN_UNREACHABLE_CODE = YES;
				CLANG_WARN__DUPLICATE_METHOD_MATCH = YES;
				COPY_PHASE_STRIP = NO;
				DEBUG_INFORMATION_FORMAT = "dwarf-with-dsym";
				ENABLE_NS_ASSERTIONS = NO;
				ENABLE_STRICT_OBJC_MSGSEND = YES;
				ENABLE_USER_SCRIPT_SANDBOXING = YES;
				GCC_C_LANGUAGE_STANDARD = gnu17;
				GCC_NO_COMMON_BLOCKS = YES;
				GCC_WARN_64_TO_32_BIT_CONVERSION = YES;
				GCC_WARN_ABOUT_RETURN_TYPE = YES_ERROR;
				GCC_WARN_UNDECLARED_SELECTOR = YES;
				GCC_WARN_UNINITIALIZED_AUTOS = YES_AGGRESSIVE;
				GCC_WARN_UNUSED_FUNCTION = YES;
				GCC_WARN_UNUSED_VARIABLE = YES;
				IPHONEOS_DEPLOYMENT_TARGET = 17.0;
				LOCALIZATION_PREFERS_STRING_CATALOGS = YES;
				MTL_ENABLE_DEBUG_INFO = NO;
				MTL_FAST_MATH = YES;
				SDKROOT = iphoneos;
				SWIFT_COMPILATION_MODE = wholemodule;
				VALIDATE_PRODUCT = YES;
			};
			name = Release;
		};
		38F652262AED773500349F5A /* Debug */ = {
			isa = XCBuildConfiguration;
			buildSettings = {
				ASSETCATALOG_COMPILER_APPICON_NAME = AppIcon;
				ASSETCATALOG_COMPILER_GLOBAL_ACCENT_COLOR_NAME = AccentColor;
				CODE_SIGN_STYLE = Automatic;
				CURRENT_PROJECT_VERSION = 1;
				DEVELOPMENT_ASSET_PATHS = "\"Link/Preview Content\"";
				DEVELOPMENT_TEAM = CS7P9L74D4;
				ENABLE_PREVIEWS = YES;
				GENERATE_INFOPLIST_FILE = YES;
				INFOPLIST_KEY_UIApplicationSceneManifest_Generation = YES;
				INFOPLIST_KEY_UIApplicationSupportsIndirectInputEvents = YES;
				INFOPLIST_KEY_UILaunchScreen_Generation = YES;
				INFOPLIST_KEY_UISupportedInterfaceOrientations_iPad = "UIInterfaceOrientationPortrait UIInterfaceOrientationPortraitUpsideDown UIInterfaceOrientationLandscapeLeft UIInterfaceOrientationLandscapeRight";
				INFOPLIST_KEY_UISupportedInterfaceOrientations_iPhone = "UIInterfaceOrientationPortrait UIInterfaceOrientationLandscapeLeft UIInterfaceOrientationLandscapeRight";
				LD_RUNPATH_SEARCH_PATHS = (
					"$(inherited)",
					"@executable_path/Frameworks",
				);
				MARKETING_VERSION = 1.0;
				PRODUCT_BUNDLE_IDENTIFIER = DavidWilliams.Link;
				PRODUCT_NAME = "$(TARGET_NAME)";
				SWIFT_EMIT_LOC_STRINGS = YES;
				SWIFT_VERSION = 5.0;
				TARGETED_DEVICE_FAMILY = "1,2";
			};
			name = Debug;
		};
		38F652272AED773500349F5A /* Release */ = {
			isa = XCBuildConfiguration;
			buildSettings = {
				ASSETCATALOG_COMPILER_APPICON_NAME = AppIcon;
				ASSETCATALOG_COMPILER_GLOBAL_ACCENT_COLOR_NAME = AccentColor;
				CODE_SIGN_STYLE = Automatic;
				CURRENT_PROJECT_VERSION = 1;
				DEVELOPMENT_ASSET_PATHS = "\"Link/Preview Content\"";
				DEVELOPMENT_TEAM = CS7P9L74D4;
				ENABLE_PREVIEWS = YES;
				GENERATE_INFOPLIST_FILE = YES;
				INFOPLIST_KEY_UIApplicationSceneManifest_Generation = YES;
				INFOPLIST_KEY_UIApplicationSupportsIndirectInputEvents = YES;
				INFOPLIST_KEY_UILaunchScreen_Generation = YES;
				INFOPLIST_KEY_UISupportedInterfaceOrientations_iPad = "UIInterfaceOrientationPortrait UIInterfaceOrientationPortraitUpsideDown UIInterfaceOrientationLandscapeLeft UIInterfaceOrientationLandscapeRight";
				INFOPLIST_KEY_UISupportedInterfaceOrientations_iPhone = "UIInterfaceOrientationPortrait UIInterfaceOrientationLandscapeLeft UIInterfaceOrientationLandscapeRight";
				LD_RUNPATH_SEARCH_PATHS = (
					"$(inherited)",
					"@executable_path/Frameworks",
				);
				MARKETING_VERSION = 1.0;
				PRODUCT_BUNDLE_IDENTIFIER = DavidWilliams.Link;
				PRODUCT_NAME = "$(TARGET_NAME)";
				SWIFT_EMIT_LOC_STRINGS = YES;
				SWIFT_VERSION = 5.0;
				TARGETED_DEVICE_FAMILY = "1,2";
			};
			name = Release;
		};
/* End XCBuildConfiguration section */

/* Begin XCConfigurationList section */
		38F652122AED773300349F5A /* Build configuration list for PBXProject "Link" */ = {
			isa = XCConfigurationList;
			buildConfigurations = (
				38F652232AED773500349F5A /* Debug */,
				38F652242AED773500349F5A /* Release */,
			);
			defaultConfigurationIsVisible = 0;
			defaultConfigurationName = Release;
		};
		38F652252AED773500349F5A /* Build configuration list for PBXNativeTarget "Link" */ = {
			isa = XCConfigurationList;
			buildConfigurations = (
				38F652262AED773500349F5A /* Debug */,
				38F652272AED773500349F5A /* Release */,
			);
			defaultConfigurationIsVisible = 0;
			defaultConfigurationName = Release;
		};
/* End XCConfigurationList section */

/* Begin XCRemoteSwiftPackageReference section */
		3871043E2AEDBB8C00EF9457 /* XCRemoteSwiftPackageReference "firebase-ios-sdk" */ = {
			isa = XCRemoteSwiftPackageReference;
			repositoryURL = "https://github.com/firebase/firebase-ios-sdk.git";
			requirement = {
				kind = upToNextMajorVersion;
				minimumVersion = 10.16.0;
			};
		};
/* End XCRemoteSwiftPackageReference section */

/* Begin XCSwiftPackageProductDependency section */
		3871043F2AEDBB8C00EF9457 /* FirebaseAnalytics */ = {
			isa = XCSwiftPackageProductDependency;
			package = 3871043E2AEDBB8C00EF9457 /* XCRemoteSwiftPackageReference "firebase-ios-sdk" */;
			productName = FirebaseAnalytics;
		};
		387104412AEDBB8C00EF9457 /* FirebaseAnalyticsOnDeviceConversion */ = {
			isa = XCSwiftPackageProductDependency;
			package = 3871043E2AEDBB8C00EF9457 /* XCRemoteSwiftPackageReference "firebase-ios-sdk" */;
			productName = FirebaseAnalyticsOnDeviceConversion;
		};
		387104432AEDBB8C00EF9457 /* FirebaseAnalyticsSwift */ = {
			isa = XCSwiftPackageProductDependency;
			package = 3871043E2AEDBB8C00EF9457 /* XCRemoteSwiftPackageReference "firebase-ios-sdk" */;
			productName = FirebaseAnalyticsSwift;
		};
		387104452AEDBB8C00EF9457 /* FirebaseAnalyticsWithoutAdIdSupport */ = {
			isa = XCSwiftPackageProductDependency;
			package = 3871043E2AEDBB8C00EF9457 /* XCRemoteSwiftPackageReference "firebase-ios-sdk" */;
			productName = FirebaseAnalyticsWithoutAdIdSupport;
		};
		387104472AEDBB8C00EF9457 /* FirebaseAppCheck */ = {
			isa = XCSwiftPackageProductDependency;
			package = 3871043E2AEDBB8C00EF9457 /* XCRemoteSwiftPackageReference "firebase-ios-sdk" */;
			productName = FirebaseAppCheck;
		};
		387104492AEDBB8C00EF9457 /* FirebaseAppDistribution-Beta */ = {
			isa = XCSwiftPackageProductDependency;
			package = 3871043E2AEDBB8C00EF9457 /* XCRemoteSwiftPackageReference "firebase-ios-sdk" */;
			productName = "FirebaseAppDistribution-Beta";
		};
		3871044B2AEDBB8C00EF9457 /* FirebaseAuth */ = {
			isa = XCSwiftPackageProductDependency;
			package = 3871043E2AEDBB8C00EF9457 /* XCRemoteSwiftPackageReference "firebase-ios-sdk" */;
			productName = FirebaseAuth;
		};
		3871044D2AEDBB8C00EF9457 /* FirebaseAuthCombine-Community */ = {
			isa = XCSwiftPackageProductDependency;
			package = 3871043E2AEDBB8C00EF9457 /* XCRemoteSwiftPackageReference "firebase-ios-sdk" */;
			productName = "FirebaseAuthCombine-Community";
		};
		3871044F2AEDBB8C00EF9457 /* FirebaseCrashlytics */ = {
			isa = XCSwiftPackageProductDependency;
			package = 3871043E2AEDBB8C00EF9457 /* XCRemoteSwiftPackageReference "firebase-ios-sdk" */;
			productName = FirebaseCrashlytics;
		};
		387104512AEDBB8C00EF9457 /* FirebaseDatabase */ = {
			isa = XCSwiftPackageProductDependency;
			package = 3871043E2AEDBB8C00EF9457 /* XCRemoteSwiftPackageReference "firebase-ios-sdk" */;
			productName = FirebaseDatabase;
		};
		387104532AEDBB8C00EF9457 /* FirebaseDatabaseSwift */ = {
			isa = XCSwiftPackageProductDependency;
			package = 3871043E2AEDBB8C00EF9457 /* XCRemoteSwiftPackageReference "firebase-ios-sdk" */;
			productName = FirebaseDatabaseSwift;
		};
		387104552AEDBB8C00EF9457 /* FirebaseDynamicLinks */ = {
			isa = XCSwiftPackageProductDependency;
			package = 3871043E2AEDBB8C00EF9457 /* XCRemoteSwiftPackageReference "firebase-ios-sdk" */;
			productName = FirebaseDynamicLinks;
		};
		387104572AEDBB8C00EF9457 /* FirebaseFirestore */ = {
			isa = XCSwiftPackageProductDependency;
			package = 3871043E2AEDBB8C00EF9457 /* XCRemoteSwiftPackageReference "firebase-ios-sdk" */;
			productName = FirebaseFirestore;
		};
		387104592AEDBB8C00EF9457 /* FirebaseFirestoreCombine-Community */ = {
			isa = XCSwiftPackageProductDependency;
			package = 3871043E2AEDBB8C00EF9457 /* XCRemoteSwiftPackageReference "firebase-ios-sdk" */;
			productName = "FirebaseFirestoreCombine-Community";
		};
		3871045B2AEDBB8C00EF9457 /* FirebaseFirestoreSwift */ = {
			isa = XCSwiftPackageProductDependency;
			package = 3871043E2AEDBB8C00EF9457 /* XCRemoteSwiftPackageReference "firebase-ios-sdk" */;
			productName = FirebaseFirestoreSwift;
		};
		3871045D2AEDBB8C00EF9457 /* FirebaseFunctions */ = {
			isa = XCSwiftPackageProductDependency;
			package = 3871043E2AEDBB8C00EF9457 /* XCRemoteSwiftPackageReference "firebase-ios-sdk" */;
			productName = FirebaseFunctions;
		};
		3871045F2AEDBB8C00EF9457 /* FirebaseFunctionsCombine-Community */ = {
			isa = XCSwiftPackageProductDependency;
			package = 3871043E2AEDBB8C00EF9457 /* XCRemoteSwiftPackageReference "firebase-ios-sdk" */;
			productName = "FirebaseFunctionsCombine-Community";
		};
		387104612AEDBB8C00EF9457 /* FirebaseInAppMessaging-Beta */ = {
			isa = XCSwiftPackageProductDependency;
			package = 3871043E2AEDBB8C00EF9457 /* XCRemoteSwiftPackageReference "firebase-ios-sdk" */;
			productName = "FirebaseInAppMessaging-Beta";
		};
/* End XCSwiftPackageProductDependency section */
	};
	rootObject = 38F6520F2AED773300349F5A /* Project object */;
}
